
Microsoft Visual Studio Solution File, Format Version 12.00
# Visual Studio Version 16
VisualStudioVersion = 16.0.31205.134
MinimumVisualStudioVersion = 10.0.40219.1
Project("{2150E333-8FDC-42A3-9474-1A3956D46DE8}") = "src", "src", "{B4DD7987-CB9D-48DF-AF2B-8F1B0DC689FB}"
EndProject
Project("{2150E333-8FDC-42A3-9474-1A3956D46DE8}") = "tests", "tests", "{2661BCFE-2EFF-4790-9734-398DAE9F76F4}"
EndProject
Project("{2150E333-8FDC-42A3-9474-1A3956D46DE8}") = "Apps", "Apps", "{B8D838CE-4E2D-4232-8816-EBCA9DFBE5EC}"
EndProject
Project("{9A19103F-16F7-4668-BE54-9A1E7A4F7556}") = "ParkingSpace", "src\Apps\ParkingSpace\ParkingSpace.csproj", "{1D3598A4-73D4-447C-9C7A-BA9AF9047BE7}"
EndProject
Project("{FAE04EC0-301F-11D3-BF4B-00C04F79EFBC}") = "ParkingSpace.Android", "src\Apps\ParkingSpace.Android\ParkingSpace.Android.csproj", "{835C68DC-98D5-40AD-9A85-022208D42F45}"
EndProject
Project("{FAE04EC0-301F-11D3-BF4B-00C04F79EFBC}") = "ParkingSpace.iOS", "src\Apps\ParkingSpace.iOS\ParkingSpace.iOS.csproj", "{4DC98992-C493-482D-895C-A1A35DDBE86E}"
EndProject
Project("{FAE04EC0-301F-11D3-BF4B-00C04F79EFBC}") = "ParkingSpace.UWP", "src\Apps\ParkingSpace.UWP\ParkingSpace.UWP.csproj", "{FC87B9F6-FD4C-4C43-97C0-4A62B413ABDD}"
EndProject
Project("{2150E333-8FDC-42A3-9474-1A3956D46DE8}") = "Solution Items", "Solution Items", "{FBA07140-8AC9-4BE8-992A-A11ABE3497A7}"
	ProjectSection(SolutionItems) = preProject
		.editorconfig = .editorconfig
		.gitattributes = .gitattributes
		.gitignore = .gitignore
	EndProjectSection
EndProject
Project("{2150E333-8FDC-42A3-9474-1A3956D46DE8}") = "BuildingBlocks", "BuildingBlocks", "{102262AC-4838-4DA5-AA4C-FBA98A8B127A}"
EndProject
Project("{2150E333-8FDC-42A3-9474-1A3956D46DE8}") = "Authentication", "Authentication", "{6C994B9B-6959-476C-821C-D59394AA9FBD}"
EndProject
Project("{9A19103F-16F7-4668-BE54-9A1E7A4F7556}") = "PS.Xamarin.Authentication.Abstractions", "src\BuildingBlocks\Authentication\PS.Xamarin.Authentication.Abstractions\PS.Xamarin.Authentication.Abstractions.csproj", "{3B14AD93-DD12-4277-A4ED-7EA3A7AD67F9}"
EndProject
Project("{9A19103F-16F7-4668-BE54-9A1E7A4F7556}") = "PS.Xamarin.Authentication.SecureStorage", "src\BuildingBlocks\Authentication\PS.Xamarin.Authentication.SecureStorage\PS.Xamarin.Authentication.SecureStorage.csproj", "{EB9D5C9F-F609-4D99-B3E7-8FE3B2A24DD8}"
EndProject
Project("{2150E333-8FDC-42A3-9474-1A3956D46DE8}") = "Api", "Api", "{3EDC8D6D-6C51-44F1-BC24-91FB5C829ABC}"
EndProject
Project("{2150E333-8FDC-42A3-9474-1A3956D46DE8}") = "Clients", "Clients", "{4A3DF548-CC9B-4E81-AE8D-C63D6155F40E}"
EndProject
Project("{2150E333-8FDC-42A3-9474-1A3956D46DE8}") = "Google", "Google", "{D33D91D7-2A6E-42EC-8C64-174A677BFFFE}"
EndProject
Project("{9A19103F-16F7-4668-BE54-9A1E7A4F7556}") = "Api.Google.Client.Abstractions", "src\BuildingBlocks\Api\Clients\Google\Api.Google.Client.Abstractions\Api.Google.Client.Abstractions.csproj", "{5042099B-C940-4034-89E2-1A620433A551}"
EndProject
Project("{9A19103F-16F7-4668-BE54-9A1E7A4F7556}") = "Api.Google.Client.Xamarin.Auth", "src\BuildingBlocks\Api\Clients\Google\Api.Google.Client.Xamarin.Auth\Api.Google.Client.Xamarin.Auth.csproj", "{3CB21162-9BE5-4AD4-802C-7D43A33D0539}"
EndProject
Project("{9A19103F-16F7-4668-BE54-9A1E7A4F7556}") = "Api.Google.Client.Model.Output", "src\BuildingBlocks\Api\Clients\Google\Api.Google.Client.Model.Output\Api.Google.Client.Model.Output.csproj", "{80F056FE-5E99-4B5E-AFFC-79499EE53ADC}"
EndProject
Project("{2150E333-8FDC-42A3-9474-1A3956D46DE8}") = "ParkingSpace", "ParkingSpace", "{79F1F8CA-72CA-4F4D-8F31-61ABEAE9AE44}"
EndProject
Project("{9A19103F-16F7-4668-BE54-9A1E7A4F7556}") = "PS.Web.Api.Client.Abstractions", "src\BuildingBlocks\Api\Clients\ParkingSpace\PS.Web.Api.Client.Abstractions\PS.Web.Api.Client.Abstractions.csproj", "{1E0609CA-1A64-4920-837B-521F3265E30F}"
EndProject
Project("{2150E333-8FDC-42A3-9474-1A3956D46DE8}") = "Models", "Models", "{EA11A29E-A48C-455E-A0B9-405725C9BE1D}"
EndProject
Project("{9A19103F-16F7-4668-BE54-9A1E7A4F7556}") = "PS.Model", "src\BuildingBlocks\Models\PS.Model\PS.Model.csproj", "{A2C44144-A1E4-4CE7-858B-44639D0235A3}"
EndProject
Project("{2150E333-8FDC-42A3-9474-1A3956D46DE8}") = "DataAccess", "DataAccess", "{2EDD4541-154F-4901-8D7B-8EAEB0D56412}"
EndProject
Project("{9A19103F-16F7-4668-BE54-9A1E7A4F7556}") = "PS.Data.Master.Model", "src\BuildingBlocks\DataAccess\PS.Data.Master.Model\PS.Data.Master.Model.csproj", "{68F0D6AA-7240-4BFD-AE17-E243343200FD}"
EndProject
Project("{9A19103F-16F7-4668-BE54-9A1E7A4F7556}") = "PS.Data.Master.Context", "src\BuildingBlocks\DataAccess\PS.Data.Master.Context\PS.Data.Master.Context.csproj", "{FDCFE778-F70E-423A-94D3-8CCB3B09D1AD}"
EndProject
Project("{2150E333-8FDC-42A3-9474-1A3956D46DE8}") = "Api", "Api", "{E6B71B50-D079-4745-9B38-7F314E0EFC59}"
EndProject
Project("{9A19103F-16F7-4668-BE54-9A1E7A4F7556}") = "PS.Web.Api", "src\Api\PS.Web.Api\PS.Web.Api.csproj", "{4A203AB4-22CB-4418-9BC0-A1FB0707681F}"
EndProject
Project("{2150E333-8FDC-42A3-9474-1A3956D46DE8}") = "Extensions", "Extensions", "{81C9F38A-1E50-4078-A006-844083334205}"
EndProject
Project("{2150E333-8FDC-42A3-9474-1A3956D46DE8}") = "AspNetCore", "AspNetCore", "{2BD68483-C789-4F1E-A4D5-37E3052F80A4}"
EndProject
Project("{9A19103F-16F7-4668-BE54-9A1E7A4F7556}") = "Extensions.AspNetCore", "src\BuildingBlocks\Extensions\AspNetCore\Extensions.AspNetCore\Extensions.AspNetCore.csproj", "{3EE568FF-DE35-47F6-A2FB-5E0264A301D9}"
EndProject
Project("{9A19103F-16F7-4668-BE54-9A1E7A4F7556}") = "Extensions.AspNetCore.WebApi", "src\BuildingBlocks\Extensions\AspNetCore\Extensions.AspNetCore.WebApi\Extensions.AspNetCore.WebApi.csproj", "{3369C64C-E12D-4F34-A5CF-C6A488CAAD5B}"
EndProject
Project("{2150E333-8FDC-42A3-9474-1A3956D46DE8}") = "Models", "Models", "{E3F076A8-EDC7-4EC2-A841-6D3A28932725}"
EndProject
Project("{9A19103F-16F7-4668-BE54-9A1E7A4F7556}") = "Wep.Api.Model", "src\BuildingBlocks\Api\Models\Wep.Api.Model\Wep.Api.Model.csproj", "{10704979-4770-48B7-A260-EC6C5E6194CB}"
EndProject
Project("{9A19103F-16F7-4668-BE54-9A1E7A4F7556}") = "PS.Web.Api.Model.Input", "src\BuildingBlocks\Api\Models\PS.Web.Api\PS.Web.Api.Model.Input\PS.Web.Api.Model.Input.csproj", "{1D6E8E3D-4B5C-4A8E-809A-8B33AF7DBB0C}"
EndProject
Project("{9A19103F-16F7-4668-BE54-9A1E7A4F7556}") = "PS.Web.Api.Model.Output", "src\BuildingBlocks\Api\Models\PS.Web.Api\PS.Web.Api.Model.Output\PS.Web.Api.Model.Output.csproj", "{862A30A0-0AEF-4E9A-AB2E-BA3FB95D5ACF}"
EndProject
Project("{2150E333-8FDC-42A3-9474-1A3956D46DE8}") = "Diagnostics", "Diagnostics", "{3564208D-58FC-4133-A40D-E57960C28652}"
EndProject
Project("{9A19103F-16F7-4668-BE54-9A1E7A4F7556}") = "Diagnostics.Abstractions", "src\BuildingBlocks\Diagnostics\Diagnostics.Abstractions\Diagnostics.Abstractions.csproj", "{6A506E04-8B52-4484-B646-1090DD223A28}"
EndProject
Project("{9A19103F-16F7-4668-BE54-9A1E7A4F7556}") = "PS.Web.Api.Client.Http.Refit", "src\BuildingBlocks\Api\Clients\ParkingSpace\PS.Web.Api.Client.Http.Refit\PS.Web.Api.Client.Http.Refit.csproj", "{C5AC45D1-FE52-4948-B4F4-29D80A66C5B1}"
EndProject
Project("{9A19103F-16F7-4668-BE54-9A1E7A4F7556}") = "PS.Web.Api.Client.Http.Refit.DependencyInjection", "src\BuildingBlocks\Api\Clients\ParkingSpace\PS.Web.Api.Client.Http.Refit.DependencyInjection\PS.Web.Api.Client.Http.Refit.DependencyInjection.csproj", "{1CCD8CD0-F7F8-4488-8DA1-102E0CEB9AF0}"
EndProject
Project("{2150E333-8FDC-42A3-9474-1A3956D46DE8}") = "DataBases", "DataBases", "{91CB5694-9603-44E4-A7B2-3522E075B4CA}"
EndProject
Project("{00D1A9C2-B5F0-4AF3-8072-F6C62B433612}") = "ParkingSpace", "src\DataBases\ParkingSpace\ParkingSpace.sqlproj", "{D2E85958-ACFB-44F4-96FA-D2802B105CE7}"
EndProject
Project("{2150E333-8FDC-42A3-9474-1A3956D46DE8}") = "EntityFrameworkCore", "EntityFrameworkCore", "{C91AAB63-211A-4E47-862A-037BE879174F}"
EndProject
Project("{9A19103F-16F7-4668-BE54-9A1E7A4F7556}") = "Extensions.EntityFrameworkCore", "src\BuildingBlocks\Extensions\EntityFrameworkCore\Extensions.EntityFrameworkCore\Extensions.EntityFrameworkCore.csproj", "{07AF155A-9B4F-4427-AAE0-A6963F0482C7}"
EndProject
Project("{FAE04EC0-301F-11D3-BF4B-00C04F79EFBC}") = "PS.DataService.Abstractions", "src\BuildingBlocks\DataAccess\PS.DataService.Abstractions\PS.DataService.Abstractions.csproj", "{480DF7A4-36C4-4A29-914A-70064FE038A4}"
EndProject
Project("{FAE04EC0-301F-11D3-BF4B-00C04F79EFBC}") = "PS.DataService.MemoryCache", "src\BuildingBlocks\DataAccess\PS.DataService.MemoryCache\PS.DataService.MemoryCache.csproj", "{A4E4B53D-5D05-4FC6-95D2-B09BE8A11D87}"
EndProject
Project("{2150E333-8FDC-42A3-9474-1A3956D46DE8}") = "Reflection", "Reflection", "{84863939-1400-4AF7-871C-C885AB3CCC8F}"
EndProject
Project("{FAE04EC0-301F-11D3-BF4B-00C04F79EFBC}") = "Extensions.Reflection", "src\BuildingBlocks\Extensions\Reflection\Extensions.Reflection\Extensions.Reflection.csproj", "{6001EB0B-C680-43DC-9F2A-7D55C154A7D7}"
EndProject
Global
	GlobalSection(SolutionConfigurationPlatforms) = preSolution
		Debug|Any CPU = Debug|Any CPU
		Debug|ARM = Debug|ARM
		Debug|iPhone = Debug|iPhone
		Debug|iPhoneSimulator = Debug|iPhoneSimulator
		Debug|x64 = Debug|x64
		Debug|x86 = Debug|x86
		Release|Any CPU = Release|Any CPU
		Release|ARM = Release|ARM
		Release|iPhone = Release|iPhone
		Release|iPhoneSimulator = Release|iPhoneSimulator
		Release|x64 = Release|x64
		Release|x86 = Release|x86
	EndGlobalSection
	GlobalSection(ProjectConfigurationPlatforms) = postSolution
		{1D3598A4-73D4-447C-9C7A-BA9AF9047BE7}.Debug|Any CPU.ActiveCfg = Debug|Any CPU
		{1D3598A4-73D4-447C-9C7A-BA9AF9047BE7}.Debug|Any CPU.Build.0 = Debug|Any CPU
		{1D3598A4-73D4-447C-9C7A-BA9AF9047BE7}.Debug|ARM.ActiveCfg = Debug|Any CPU
		{1D3598A4-73D4-447C-9C7A-BA9AF9047BE7}.Debug|ARM.Build.0 = Debug|Any CPU
		{1D3598A4-73D4-447C-9C7A-BA9AF9047BE7}.Debug|iPhone.ActiveCfg = Debug|Any CPU
		{1D3598A4-73D4-447C-9C7A-BA9AF9047BE7}.Debug|iPhone.Build.0 = Debug|Any CPU
		{1D3598A4-73D4-447C-9C7A-BA9AF9047BE7}.Debug|iPhoneSimulator.ActiveCfg = Debug|Any CPU
		{1D3598A4-73D4-447C-9C7A-BA9AF9047BE7}.Debug|iPhoneSimulator.Build.0 = Debug|Any CPU
		{1D3598A4-73D4-447C-9C7A-BA9AF9047BE7}.Debug|x64.ActiveCfg = Debug|Any CPU
		{1D3598A4-73D4-447C-9C7A-BA9AF9047BE7}.Debug|x64.Build.0 = Debug|Any CPU
		{1D3598A4-73D4-447C-9C7A-BA9AF9047BE7}.Debug|x86.ActiveCfg = Debug|Any CPU
		{1D3598A4-73D4-447C-9C7A-BA9AF9047BE7}.Debug|x86.Build.0 = Debug|Any CPU
		{1D3598A4-73D4-447C-9C7A-BA9AF9047BE7}.Release|Any CPU.ActiveCfg = Release|Any CPU
		{1D3598A4-73D4-447C-9C7A-BA9AF9047BE7}.Release|Any CPU.Build.0 = Release|Any CPU
		{1D3598A4-73D4-447C-9C7A-BA9AF9047BE7}.Release|ARM.ActiveCfg = Release|Any CPU
		{1D3598A4-73D4-447C-9C7A-BA9AF9047BE7}.Release|ARM.Build.0 = Release|Any CPU
		{1D3598A4-73D4-447C-9C7A-BA9AF9047BE7}.Release|iPhone.ActiveCfg = Release|Any CPU
		{1D3598A4-73D4-447C-9C7A-BA9AF9047BE7}.Release|iPhone.Build.0 = Release|Any CPU
		{1D3598A4-73D4-447C-9C7A-BA9AF9047BE7}.Release|iPhoneSimulator.ActiveCfg = Release|Any CPU
		{1D3598A4-73D4-447C-9C7A-BA9AF9047BE7}.Release|iPhoneSimulator.Build.0 = Release|Any CPU
		{1D3598A4-73D4-447C-9C7A-BA9AF9047BE7}.Release|x64.ActiveCfg = Release|Any CPU
		{1D3598A4-73D4-447C-9C7A-BA9AF9047BE7}.Release|x64.Build.0 = Release|Any CPU
		{1D3598A4-73D4-447C-9C7A-BA9AF9047BE7}.Release|x86.ActiveCfg = Release|Any CPU
		{1D3598A4-73D4-447C-9C7A-BA9AF9047BE7}.Release|x86.Build.0 = Release|Any CPU
		{835C68DC-98D5-40AD-9A85-022208D42F45}.Debug|Any CPU.ActiveCfg = Debug|Any CPU
		{835C68DC-98D5-40AD-9A85-022208D42F45}.Debug|Any CPU.Build.0 = Debug|Any CPU
		{835C68DC-98D5-40AD-9A85-022208D42F45}.Debug|Any CPU.Deploy.0 = Debug|Any CPU
		{835C68DC-98D5-40AD-9A85-022208D42F45}.Debug|ARM.ActiveCfg = Debug|Any CPU
		{835C68DC-98D5-40AD-9A85-022208D42F45}.Debug|ARM.Build.0 = Debug|Any CPU
		{835C68DC-98D5-40AD-9A85-022208D42F45}.Debug|ARM.Deploy.0 = Debug|Any CPU
		{835C68DC-98D5-40AD-9A85-022208D42F45}.Debug|iPhone.ActiveCfg = Debug|Any CPU
		{835C68DC-98D5-40AD-9A85-022208D42F45}.Debug|iPhone.Build.0 = Debug|Any CPU
		{835C68DC-98D5-40AD-9A85-022208D42F45}.Debug|iPhone.Deploy.0 = Debug|Any CPU
		{835C68DC-98D5-40AD-9A85-022208D42F45}.Debug|iPhoneSimulator.ActiveCfg = Debug|Any CPU
		{835C68DC-98D5-40AD-9A85-022208D42F45}.Debug|iPhoneSimulator.Build.0 = Debug|Any CPU
		{835C68DC-98D5-40AD-9A85-022208D42F45}.Debug|iPhoneSimulator.Deploy.0 = Debug|Any CPU
		{835C68DC-98D5-40AD-9A85-022208D42F45}.Debug|x64.ActiveCfg = Debug|Any CPU
		{835C68DC-98D5-40AD-9A85-022208D42F45}.Debug|x64.Build.0 = Debug|Any CPU
		{835C68DC-98D5-40AD-9A85-022208D42F45}.Debug|x64.Deploy.0 = Debug|Any CPU
		{835C68DC-98D5-40AD-9A85-022208D42F45}.Debug|x86.ActiveCfg = Debug|Any CPU
		{835C68DC-98D5-40AD-9A85-022208D42F45}.Debug|x86.Build.0 = Debug|Any CPU
		{835C68DC-98D5-40AD-9A85-022208D42F45}.Debug|x86.Deploy.0 = Debug|Any CPU
		{835C68DC-98D5-40AD-9A85-022208D42F45}.Release|Any CPU.ActiveCfg = Release|Any CPU
		{835C68DC-98D5-40AD-9A85-022208D42F45}.Release|Any CPU.Build.0 = Release|Any CPU
		{835C68DC-98D5-40AD-9A85-022208D42F45}.Release|Any CPU.Deploy.0 = Release|Any CPU
		{835C68DC-98D5-40AD-9A85-022208D42F45}.Release|ARM.ActiveCfg = Release|Any CPU
		{835C68DC-98D5-40AD-9A85-022208D42F45}.Release|ARM.Build.0 = Release|Any CPU
		{835C68DC-98D5-40AD-9A85-022208D42F45}.Release|ARM.Deploy.0 = Release|Any CPU
		{835C68DC-98D5-40AD-9A85-022208D42F45}.Release|iPhone.ActiveCfg = Release|Any CPU
		{835C68DC-98D5-40AD-9A85-022208D42F45}.Release|iPhone.Build.0 = Release|Any CPU
		{835C68DC-98D5-40AD-9A85-022208D42F45}.Release|iPhone.Deploy.0 = Release|Any CPU
		{835C68DC-98D5-40AD-9A85-022208D42F45}.Release|iPhoneSimulator.ActiveCfg = Release|Any CPU
		{835C68DC-98D5-40AD-9A85-022208D42F45}.Release|iPhoneSimulator.Build.0 = Release|Any CPU
		{835C68DC-98D5-40AD-9A85-022208D42F45}.Release|iPhoneSimulator.Deploy.0 = Release|Any CPU
		{835C68DC-98D5-40AD-9A85-022208D42F45}.Release|x64.ActiveCfg = Release|Any CPU
		{835C68DC-98D5-40AD-9A85-022208D42F45}.Release|x64.Build.0 = Release|Any CPU
		{835C68DC-98D5-40AD-9A85-022208D42F45}.Release|x64.Deploy.0 = Release|Any CPU
		{835C68DC-98D5-40AD-9A85-022208D42F45}.Release|x86.ActiveCfg = Release|Any CPU
		{835C68DC-98D5-40AD-9A85-022208D42F45}.Release|x86.Build.0 = Release|Any CPU
		{835C68DC-98D5-40AD-9A85-022208D42F45}.Release|x86.Deploy.0 = Release|Any CPU
		{4DC98992-C493-482D-895C-A1A35DDBE86E}.Debug|Any CPU.ActiveCfg = Debug|iPhoneSimulator
		{4DC98992-C493-482D-895C-A1A35DDBE86E}.Debug|ARM.ActiveCfg = Debug|iPhoneSimulator
		{4DC98992-C493-482D-895C-A1A35DDBE86E}.Debug|iPhone.ActiveCfg = Debug|iPhone
		{4DC98992-C493-482D-895C-A1A35DDBE86E}.Debug|iPhone.Build.0 = Debug|iPhone
		{4DC98992-C493-482D-895C-A1A35DDBE86E}.Debug|iPhoneSimulator.ActiveCfg = Debug|iPhoneSimulator
		{4DC98992-C493-482D-895C-A1A35DDBE86E}.Debug|iPhoneSimulator.Build.0 = Debug|iPhoneSimulator
		{4DC98992-C493-482D-895C-A1A35DDBE86E}.Debug|x64.ActiveCfg = Debug|iPhoneSimulator
		{4DC98992-C493-482D-895C-A1A35DDBE86E}.Debug|x86.ActiveCfg = Debug|iPhoneSimulator
		{4DC98992-C493-482D-895C-A1A35DDBE86E}.Release|Any CPU.ActiveCfg = Release|iPhoneSimulator
		{4DC98992-C493-482D-895C-A1A35DDBE86E}.Release|ARM.ActiveCfg = Release|iPhoneSimulator
		{4DC98992-C493-482D-895C-A1A35DDBE86E}.Release|iPhone.ActiveCfg = Release|iPhone
		{4DC98992-C493-482D-895C-A1A35DDBE86E}.Release|iPhone.Build.0 = Release|iPhone
		{4DC98992-C493-482D-895C-A1A35DDBE86E}.Release|iPhoneSimulator.ActiveCfg = Release|iPhoneSimulator
		{4DC98992-C493-482D-895C-A1A35DDBE86E}.Release|iPhoneSimulator.Build.0 = Release|iPhoneSimulator
		{4DC98992-C493-482D-895C-A1A35DDBE86E}.Release|x64.ActiveCfg = Release|iPhoneSimulator
		{4DC98992-C493-482D-895C-A1A35DDBE86E}.Release|x86.ActiveCfg = Release|iPhoneSimulator
		{FC87B9F6-FD4C-4C43-97C0-4A62B413ABDD}.Debug|Any CPU.ActiveCfg = Debug|x86
		{FC87B9F6-FD4C-4C43-97C0-4A62B413ABDD}.Debug|ARM.ActiveCfg = Debug|ARM
		{FC87B9F6-FD4C-4C43-97C0-4A62B413ABDD}.Debug|ARM.Build.0 = Debug|ARM
		{FC87B9F6-FD4C-4C43-97C0-4A62B413ABDD}.Debug|ARM.Deploy.0 = Debug|ARM
		{FC87B9F6-FD4C-4C43-97C0-4A62B413ABDD}.Debug|iPhone.ActiveCfg = Debug|x86
		{FC87B9F6-FD4C-4C43-97C0-4A62B413ABDD}.Debug|iPhoneSimulator.ActiveCfg = Debug|x86
		{FC87B9F6-FD4C-4C43-97C0-4A62B413ABDD}.Debug|x64.ActiveCfg = Debug|x64
		{FC87B9F6-FD4C-4C43-97C0-4A62B413ABDD}.Debug|x64.Build.0 = Debug|x64
		{FC87B9F6-FD4C-4C43-97C0-4A62B413ABDD}.Debug|x64.Deploy.0 = Debug|x64
		{FC87B9F6-FD4C-4C43-97C0-4A62B413ABDD}.Debug|x86.ActiveCfg = Debug|x86
		{FC87B9F6-FD4C-4C43-97C0-4A62B413ABDD}.Debug|x86.Build.0 = Debug|x86
		{FC87B9F6-FD4C-4C43-97C0-4A62B413ABDD}.Debug|x86.Deploy.0 = Debug|x86
		{FC87B9F6-FD4C-4C43-97C0-4A62B413ABDD}.Release|Any CPU.ActiveCfg = Release|x86
		{FC87B9F6-FD4C-4C43-97C0-4A62B413ABDD}.Release|ARM.ActiveCfg = Release|ARM
		{FC87B9F6-FD4C-4C43-97C0-4A62B413ABDD}.Release|ARM.Build.0 = Release|ARM
		{FC87B9F6-FD4C-4C43-97C0-4A62B413ABDD}.Release|ARM.Deploy.0 = Release|ARM
		{FC87B9F6-FD4C-4C43-97C0-4A62B413ABDD}.Release|iPhone.ActiveCfg = Release|x86
		{FC87B9F6-FD4C-4C43-97C0-4A62B413ABDD}.Release|iPhoneSimulator.ActiveCfg = Release|x86
		{FC87B9F6-FD4C-4C43-97C0-4A62B413ABDD}.Release|x64.ActiveCfg = Release|x64
		{FC87B9F6-FD4C-4C43-97C0-4A62B413ABDD}.Release|x64.Build.0 = Release|x64
		{FC87B9F6-FD4C-4C43-97C0-4A62B413ABDD}.Release|x64.Deploy.0 = Release|x64
		{FC87B9F6-FD4C-4C43-97C0-4A62B413ABDD}.Release|x86.ActiveCfg = Release|x86
		{FC87B9F6-FD4C-4C43-97C0-4A62B413ABDD}.Release|x86.Build.0 = Release|x86
		{FC87B9F6-FD4C-4C43-97C0-4A62B413ABDD}.Release|x86.Deploy.0 = Release|x86
		{3B14AD93-DD12-4277-A4ED-7EA3A7AD67F9}.Debug|Any CPU.ActiveCfg = Debug|Any CPU
		{3B14AD93-DD12-4277-A4ED-7EA3A7AD67F9}.Debug|Any CPU.Build.0 = Debug|Any CPU
		{3B14AD93-DD12-4277-A4ED-7EA3A7AD67F9}.Debug|ARM.ActiveCfg = Debug|Any CPU
		{3B14AD93-DD12-4277-A4ED-7EA3A7AD67F9}.Debug|ARM.Build.0 = Debug|Any CPU
		{3B14AD93-DD12-4277-A4ED-7EA3A7AD67F9}.Debug|iPhone.ActiveCfg = Debug|Any CPU
		{3B14AD93-DD12-4277-A4ED-7EA3A7AD67F9}.Debug|iPhone.Build.0 = Debug|Any CPU
		{3B14AD93-DD12-4277-A4ED-7EA3A7AD67F9}.Debug|iPhoneSimulator.ActiveCfg = Debug|Any CPU
		{3B14AD93-DD12-4277-A4ED-7EA3A7AD67F9}.Debug|iPhoneSimulator.Build.0 = Debug|Any CPU
		{3B14AD93-DD12-4277-A4ED-7EA3A7AD67F9}.Debug|x64.ActiveCfg = Debug|Any CPU
		{3B14AD93-DD12-4277-A4ED-7EA3A7AD67F9}.Debug|x64.Build.0 = Debug|Any CPU
		{3B14AD93-DD12-4277-A4ED-7EA3A7AD67F9}.Debug|x86.ActiveCfg = Debug|Any CPU
		{3B14AD93-DD12-4277-A4ED-7EA3A7AD67F9}.Debug|x86.Build.0 = Debug|Any CPU
		{3B14AD93-DD12-4277-A4ED-7EA3A7AD67F9}.Release|Any CPU.ActiveCfg = Release|Any CPU
		{3B14AD93-DD12-4277-A4ED-7EA3A7AD67F9}.Release|Any CPU.Build.0 = Release|Any CPU
		{3B14AD93-DD12-4277-A4ED-7EA3A7AD67F9}.Release|ARM.ActiveCfg = Release|Any CPU
		{3B14AD93-DD12-4277-A4ED-7EA3A7AD67F9}.Release|ARM.Build.0 = Release|Any CPU
		{3B14AD93-DD12-4277-A4ED-7EA3A7AD67F9}.Release|iPhone.ActiveCfg = Release|Any CPU
		{3B14AD93-DD12-4277-A4ED-7EA3A7AD67F9}.Release|iPhone.Build.0 = Release|Any CPU
		{3B14AD93-DD12-4277-A4ED-7EA3A7AD67F9}.Release|iPhoneSimulator.ActiveCfg = Release|Any CPU
		{3B14AD93-DD12-4277-A4ED-7EA3A7AD67F9}.Release|iPhoneSimulator.Build.0 = Release|Any CPU
		{3B14AD93-DD12-4277-A4ED-7EA3A7AD67F9}.Release|x64.ActiveCfg = Release|Any CPU
		{3B14AD93-DD12-4277-A4ED-7EA3A7AD67F9}.Release|x64.Build.0 = Release|Any CPU
		{3B14AD93-DD12-4277-A4ED-7EA3A7AD67F9}.Release|x86.ActiveCfg = Release|Any CPU
		{3B14AD93-DD12-4277-A4ED-7EA3A7AD67F9}.Release|x86.Build.0 = Release|Any CPU
		{EB9D5C9F-F609-4D99-B3E7-8FE3B2A24DD8}.Debug|Any CPU.ActiveCfg = Debug|Any CPU
		{EB9D5C9F-F609-4D99-B3E7-8FE3B2A24DD8}.Debug|Any CPU.Build.0 = Debug|Any CPU
		{EB9D5C9F-F609-4D99-B3E7-8FE3B2A24DD8}.Debug|ARM.ActiveCfg = Debug|Any CPU
		{EB9D5C9F-F609-4D99-B3E7-8FE3B2A24DD8}.Debug|ARM.Build.0 = Debug|Any CPU
		{EB9D5C9F-F609-4D99-B3E7-8FE3B2A24DD8}.Debug|iPhone.ActiveCfg = Debug|Any CPU
		{EB9D5C9F-F609-4D99-B3E7-8FE3B2A24DD8}.Debug|iPhone.Build.0 = Debug|Any CPU
		{EB9D5C9F-F609-4D99-B3E7-8FE3B2A24DD8}.Debug|iPhoneSimulator.ActiveCfg = Debug|Any CPU
		{EB9D5C9F-F609-4D99-B3E7-8FE3B2A24DD8}.Debug|iPhoneSimulator.Build.0 = Debug|Any CPU
		{EB9D5C9F-F609-4D99-B3E7-8FE3B2A24DD8}.Debug|x64.ActiveCfg = Debug|Any CPU
		{EB9D5C9F-F609-4D99-B3E7-8FE3B2A24DD8}.Debug|x64.Build.0 = Debug|Any CPU
		{EB9D5C9F-F609-4D99-B3E7-8FE3B2A24DD8}.Debug|x86.ActiveCfg = Debug|Any CPU
		{EB9D5C9F-F609-4D99-B3E7-8FE3B2A24DD8}.Debug|x86.Build.0 = Debug|Any CPU
		{EB9D5C9F-F609-4D99-B3E7-8FE3B2A24DD8}.Release|Any CPU.ActiveCfg = Release|Any CPU
		{EB9D5C9F-F609-4D99-B3E7-8FE3B2A24DD8}.Release|Any CPU.Build.0 = Release|Any CPU
		{EB9D5C9F-F609-4D99-B3E7-8FE3B2A24DD8}.Release|ARM.ActiveCfg = Release|Any CPU
		{EB9D5C9F-F609-4D99-B3E7-8FE3B2A24DD8}.Release|ARM.Build.0 = Release|Any CPU
		{EB9D5C9F-F609-4D99-B3E7-8FE3B2A24DD8}.Release|iPhone.ActiveCfg = Release|Any CPU
		{EB9D5C9F-F609-4D99-B3E7-8FE3B2A24DD8}.Release|iPhone.Build.0 = Release|Any CPU
		{EB9D5C9F-F609-4D99-B3E7-8FE3B2A24DD8}.Release|iPhoneSimulator.ActiveCfg = Release|Any CPU
		{EB9D5C9F-F609-4D99-B3E7-8FE3B2A24DD8}.Release|iPhoneSimulator.Build.0 = Release|Any CPU
		{EB9D5C9F-F609-4D99-B3E7-8FE3B2A24DD8}.Release|x64.ActiveCfg = Release|Any CPU
		{EB9D5C9F-F609-4D99-B3E7-8FE3B2A24DD8}.Release|x64.Build.0 = Release|Any CPU
		{EB9D5C9F-F609-4D99-B3E7-8FE3B2A24DD8}.Release|x86.ActiveCfg = Release|Any CPU
		{EB9D5C9F-F609-4D99-B3E7-8FE3B2A24DD8}.Release|x86.Build.0 = Release|Any CPU
		{5042099B-C940-4034-89E2-1A620433A551}.Debug|Any CPU.ActiveCfg = Debug|Any CPU
		{5042099B-C940-4034-89E2-1A620433A551}.Debug|Any CPU.Build.0 = Debug|Any CPU
		{5042099B-C940-4034-89E2-1A620433A551}.Debug|ARM.ActiveCfg = Debug|Any CPU
		{5042099B-C940-4034-89E2-1A620433A551}.Debug|ARM.Build.0 = Debug|Any CPU
		{5042099B-C940-4034-89E2-1A620433A551}.Debug|iPhone.ActiveCfg = Debug|Any CPU
		{5042099B-C940-4034-89E2-1A620433A551}.Debug|iPhone.Build.0 = Debug|Any CPU
		{5042099B-C940-4034-89E2-1A620433A551}.Debug|iPhoneSimulator.ActiveCfg = Debug|Any CPU
		{5042099B-C940-4034-89E2-1A620433A551}.Debug|iPhoneSimulator.Build.0 = Debug|Any CPU
		{5042099B-C940-4034-89E2-1A620433A551}.Debug|x64.ActiveCfg = Debug|Any CPU
		{5042099B-C940-4034-89E2-1A620433A551}.Debug|x64.Build.0 = Debug|Any CPU
		{5042099B-C940-4034-89E2-1A620433A551}.Debug|x86.ActiveCfg = Debug|Any CPU
		{5042099B-C940-4034-89E2-1A620433A551}.Debug|x86.Build.0 = Debug|Any CPU
		{5042099B-C940-4034-89E2-1A620433A551}.Release|Any CPU.ActiveCfg = Release|Any CPU
		{5042099B-C940-4034-89E2-1A620433A551}.Release|Any CPU.Build.0 = Release|Any CPU
		{5042099B-C940-4034-89E2-1A620433A551}.Release|ARM.ActiveCfg = Release|Any CPU
		{5042099B-C940-4034-89E2-1A620433A551}.Release|ARM.Build.0 = Release|Any CPU
		{5042099B-C940-4034-89E2-1A620433A551}.Release|iPhone.ActiveCfg = Release|Any CPU
		{5042099B-C940-4034-89E2-1A620433A551}.Release|iPhone.Build.0 = Release|Any CPU
		{5042099B-C940-4034-89E2-1A620433A551}.Release|iPhoneSimulator.ActiveCfg = Release|Any CPU
		{5042099B-C940-4034-89E2-1A620433A551}.Release|iPhoneSimulator.Build.0 = Release|Any CPU
		{5042099B-C940-4034-89E2-1A620433A551}.Release|x64.ActiveCfg = Release|Any CPU
		{5042099B-C940-4034-89E2-1A620433A551}.Release|x64.Build.0 = Release|Any CPU
		{5042099B-C940-4034-89E2-1A620433A551}.Release|x86.ActiveCfg = Release|Any CPU
		{5042099B-C940-4034-89E2-1A620433A551}.Release|x86.Build.0 = Release|Any CPU
		{3CB21162-9BE5-4AD4-802C-7D43A33D0539}.Debug|Any CPU.ActiveCfg = Debug|Any CPU
		{3CB21162-9BE5-4AD4-802C-7D43A33D0539}.Debug|Any CPU.Build.0 = Debug|Any CPU
		{3CB21162-9BE5-4AD4-802C-7D43A33D0539}.Debug|ARM.ActiveCfg = Debug|Any CPU
		{3CB21162-9BE5-4AD4-802C-7D43A33D0539}.Debug|ARM.Build.0 = Debug|Any CPU
		{3CB21162-9BE5-4AD4-802C-7D43A33D0539}.Debug|iPhone.ActiveCfg = Debug|Any CPU
		{3CB21162-9BE5-4AD4-802C-7D43A33D0539}.Debug|iPhone.Build.0 = Debug|Any CPU
		{3CB21162-9BE5-4AD4-802C-7D43A33D0539}.Debug|iPhoneSimulator.ActiveCfg = Debug|Any CPU
		{3CB21162-9BE5-4AD4-802C-7D43A33D0539}.Debug|iPhoneSimulator.Build.0 = Debug|Any CPU
		{3CB21162-9BE5-4AD4-802C-7D43A33D0539}.Debug|x64.ActiveCfg = Debug|Any CPU
		{3CB21162-9BE5-4AD4-802C-7D43A33D0539}.Debug|x64.Build.0 = Debug|Any CPU
		{3CB21162-9BE5-4AD4-802C-7D43A33D0539}.Debug|x86.ActiveCfg = Debug|Any CPU
		{3CB21162-9BE5-4AD4-802C-7D43A33D0539}.Debug|x86.Build.0 = Debug|Any CPU
		{3CB21162-9BE5-4AD4-802C-7D43A33D0539}.Release|Any CPU.ActiveCfg = Release|Any CPU
		{3CB21162-9BE5-4AD4-802C-7D43A33D0539}.Release|Any CPU.Build.0 = Release|Any CPU
		{3CB21162-9BE5-4AD4-802C-7D43A33D0539}.Release|ARM.ActiveCfg = Release|Any CPU
		{3CB21162-9BE5-4AD4-802C-7D43A33D0539}.Release|ARM.Build.0 = Release|Any CPU
		{3CB21162-9BE5-4AD4-802C-7D43A33D0539}.Release|iPhone.ActiveCfg = Release|Any CPU
		{3CB21162-9BE5-4AD4-802C-7D43A33D0539}.Release|iPhone.Build.0 = Release|Any CPU
		{3CB21162-9BE5-4AD4-802C-7D43A33D0539}.Release|iPhoneSimulator.ActiveCfg = Release|Any CPU
		{3CB21162-9BE5-4AD4-802C-7D43A33D0539}.Release|iPhoneSimulator.Build.0 = Release|Any CPU
		{3CB21162-9BE5-4AD4-802C-7D43A33D0539}.Release|x64.ActiveCfg = Release|Any CPU
		{3CB21162-9BE5-4AD4-802C-7D43A33D0539}.Release|x64.Build.0 = Release|Any CPU
		{3CB21162-9BE5-4AD4-802C-7D43A33D0539}.Release|x86.ActiveCfg = Release|Any CPU
		{3CB21162-9BE5-4AD4-802C-7D43A33D0539}.Release|x86.Build.0 = Release|Any CPU
		{80F056FE-5E99-4B5E-AFFC-79499EE53ADC}.Debug|Any CPU.ActiveCfg = Debug|Any CPU
		{80F056FE-5E99-4B5E-AFFC-79499EE53ADC}.Debug|Any CPU.Build.0 = Debug|Any CPU
		{80F056FE-5E99-4B5E-AFFC-79499EE53ADC}.Debug|ARM.ActiveCfg = Debug|Any CPU
		{80F056FE-5E99-4B5E-AFFC-79499EE53ADC}.Debug|ARM.Build.0 = Debug|Any CPU
		{80F056FE-5E99-4B5E-AFFC-79499EE53ADC}.Debug|iPhone.ActiveCfg = Debug|Any CPU
		{80F056FE-5E99-4B5E-AFFC-79499EE53ADC}.Debug|iPhone.Build.0 = Debug|Any CPU
		{80F056FE-5E99-4B5E-AFFC-79499EE53ADC}.Debug|iPhoneSimulator.ActiveCfg = Debug|Any CPU
		{80F056FE-5E99-4B5E-AFFC-79499EE53ADC}.Debug|iPhoneSimulator.Build.0 = Debug|Any CPU
		{80F056FE-5E99-4B5E-AFFC-79499EE53ADC}.Debug|x64.ActiveCfg = Debug|Any CPU
		{80F056FE-5E99-4B5E-AFFC-79499EE53ADC}.Debug|x64.Build.0 = Debug|Any CPU
		{80F056FE-5E99-4B5E-AFFC-79499EE53ADC}.Debug|x86.ActiveCfg = Debug|Any CPU
		{80F056FE-5E99-4B5E-AFFC-79499EE53ADC}.Debug|x86.Build.0 = Debug|Any CPU
		{80F056FE-5E99-4B5E-AFFC-79499EE53ADC}.Release|Any CPU.ActiveCfg = Release|Any CPU
		{80F056FE-5E99-4B5E-AFFC-79499EE53ADC}.Release|Any CPU.Build.0 = Release|Any CPU
		{80F056FE-5E99-4B5E-AFFC-79499EE53ADC}.Release|ARM.ActiveCfg = Release|Any CPU
		{80F056FE-5E99-4B5E-AFFC-79499EE53ADC}.Release|ARM.Build.0 = Release|Any CPU
		{80F056FE-5E99-4B5E-AFFC-79499EE53ADC}.Release|iPhone.ActiveCfg = Release|Any CPU
		{80F056FE-5E99-4B5E-AFFC-79499EE53ADC}.Release|iPhone.Build.0 = Release|Any CPU
		{80F056FE-5E99-4B5E-AFFC-79499EE53ADC}.Release|iPhoneSimulator.ActiveCfg = Release|Any CPU
		{80F056FE-5E99-4B5E-AFFC-79499EE53ADC}.Release|iPhoneSimulator.Build.0 = Release|Any CPU
		{80F056FE-5E99-4B5E-AFFC-79499EE53ADC}.Release|x64.ActiveCfg = Release|Any CPU
		{80F056FE-5E99-4B5E-AFFC-79499EE53ADC}.Release|x64.Build.0 = Release|Any CPU
		{80F056FE-5E99-4B5E-AFFC-79499EE53ADC}.Release|x86.ActiveCfg = Release|Any CPU
		{80F056FE-5E99-4B5E-AFFC-79499EE53ADC}.Release|x86.Build.0 = Release|Any CPU
		{1E0609CA-1A64-4920-837B-521F3265E30F}.Debug|Any CPU.ActiveCfg = Debug|Any CPU
		{1E0609CA-1A64-4920-837B-521F3265E30F}.Debug|Any CPU.Build.0 = Debug|Any CPU
		{1E0609CA-1A64-4920-837B-521F3265E30F}.Debug|ARM.ActiveCfg = Debug|Any CPU
		{1E0609CA-1A64-4920-837B-521F3265E30F}.Debug|ARM.Build.0 = Debug|Any CPU
		{1E0609CA-1A64-4920-837B-521F3265E30F}.Debug|iPhone.ActiveCfg = Debug|Any CPU
		{1E0609CA-1A64-4920-837B-521F3265E30F}.Debug|iPhone.Build.0 = Debug|Any CPU
		{1E0609CA-1A64-4920-837B-521F3265E30F}.Debug|iPhoneSimulator.ActiveCfg = Debug|Any CPU
		{1E0609CA-1A64-4920-837B-521F3265E30F}.Debug|iPhoneSimulator.Build.0 = Debug|Any CPU
		{1E0609CA-1A64-4920-837B-521F3265E30F}.Debug|x64.ActiveCfg = Debug|Any CPU
		{1E0609CA-1A64-4920-837B-521F3265E30F}.Debug|x64.Build.0 = Debug|Any CPU
		{1E0609CA-1A64-4920-837B-521F3265E30F}.Debug|x86.ActiveCfg = Debug|Any CPU
		{1E0609CA-1A64-4920-837B-521F3265E30F}.Debug|x86.Build.0 = Debug|Any CPU
		{1E0609CA-1A64-4920-837B-521F3265E30F}.Release|Any CPU.ActiveCfg = Release|Any CPU
		{1E0609CA-1A64-4920-837B-521F3265E30F}.Release|Any CPU.Build.0 = Release|Any CPU
		{1E0609CA-1A64-4920-837B-521F3265E30F}.Release|ARM.ActiveCfg = Release|Any CPU
		{1E0609CA-1A64-4920-837B-521F3265E30F}.Release|ARM.Build.0 = Release|Any CPU
		{1E0609CA-1A64-4920-837B-521F3265E30F}.Release|iPhone.ActiveCfg = Release|Any CPU
		{1E0609CA-1A64-4920-837B-521F3265E30F}.Release|iPhone.Build.0 = Release|Any CPU
		{1E0609CA-1A64-4920-837B-521F3265E30F}.Release|iPhoneSimulator.ActiveCfg = Release|Any CPU
		{1E0609CA-1A64-4920-837B-521F3265E30F}.Release|iPhoneSimulator.Build.0 = Release|Any CPU
		{1E0609CA-1A64-4920-837B-521F3265E30F}.Release|x64.ActiveCfg = Release|Any CPU
		{1E0609CA-1A64-4920-837B-521F3265E30F}.Release|x64.Build.0 = Release|Any CPU
		{1E0609CA-1A64-4920-837B-521F3265E30F}.Release|x86.ActiveCfg = Release|Any CPU
		{1E0609CA-1A64-4920-837B-521F3265E30F}.Release|x86.Build.0 = Release|Any CPU
		{A2C44144-A1E4-4CE7-858B-44639D0235A3}.Debug|Any CPU.ActiveCfg = Debug|Any CPU
		{A2C44144-A1E4-4CE7-858B-44639D0235A3}.Debug|Any CPU.Build.0 = Debug|Any CPU
		{A2C44144-A1E4-4CE7-858B-44639D0235A3}.Debug|ARM.ActiveCfg = Debug|Any CPU
		{A2C44144-A1E4-4CE7-858B-44639D0235A3}.Debug|ARM.Build.0 = Debug|Any CPU
		{A2C44144-A1E4-4CE7-858B-44639D0235A3}.Debug|iPhone.ActiveCfg = Debug|Any CPU
		{A2C44144-A1E4-4CE7-858B-44639D0235A3}.Debug|iPhone.Build.0 = Debug|Any CPU
		{A2C44144-A1E4-4CE7-858B-44639D0235A3}.Debug|iPhoneSimulator.ActiveCfg = Debug|Any CPU
		{A2C44144-A1E4-4CE7-858B-44639D0235A3}.Debug|iPhoneSimulator.Build.0 = Debug|Any CPU
		{A2C44144-A1E4-4CE7-858B-44639D0235A3}.Debug|x64.ActiveCfg = Debug|Any CPU
		{A2C44144-A1E4-4CE7-858B-44639D0235A3}.Debug|x64.Build.0 = Debug|Any CPU
		{A2C44144-A1E4-4CE7-858B-44639D0235A3}.Debug|x86.ActiveCfg = Debug|Any CPU
		{A2C44144-A1E4-4CE7-858B-44639D0235A3}.Debug|x86.Build.0 = Debug|Any CPU
		{A2C44144-A1E4-4CE7-858B-44639D0235A3}.Release|Any CPU.ActiveCfg = Release|Any CPU
		{A2C44144-A1E4-4CE7-858B-44639D0235A3}.Release|Any CPU.Build.0 = Release|Any CPU
		{A2C44144-A1E4-4CE7-858B-44639D0235A3}.Release|ARM.ActiveCfg = Release|Any CPU
		{A2C44144-A1E4-4CE7-858B-44639D0235A3}.Release|ARM.Build.0 = Release|Any CPU
		{A2C44144-A1E4-4CE7-858B-44639D0235A3}.Release|iPhone.ActiveCfg = Release|Any CPU
		{A2C44144-A1E4-4CE7-858B-44639D0235A3}.Release|iPhone.Build.0 = Release|Any CPU
		{A2C44144-A1E4-4CE7-858B-44639D0235A3}.Release|iPhoneSimulator.ActiveCfg = Release|Any CPU
		{A2C44144-A1E4-4CE7-858B-44639D0235A3}.Release|iPhoneSimulator.Build.0 = Release|Any CPU
		{A2C44144-A1E4-4CE7-858B-44639D0235A3}.Release|x64.ActiveCfg = Release|Any CPU
		{A2C44144-A1E4-4CE7-858B-44639D0235A3}.Release|x64.Build.0 = Release|Any CPU
		{A2C44144-A1E4-4CE7-858B-44639D0235A3}.Release|x86.ActiveCfg = Release|Any CPU
		{A2C44144-A1E4-4CE7-858B-44639D0235A3}.Release|x86.Build.0 = Release|Any CPU
		{68F0D6AA-7240-4BFD-AE17-E243343200FD}.Debug|Any CPU.ActiveCfg = Debug|Any CPU
		{68F0D6AA-7240-4BFD-AE17-E243343200FD}.Debug|Any CPU.Build.0 = Debug|Any CPU
		{68F0D6AA-7240-4BFD-AE17-E243343200FD}.Debug|ARM.ActiveCfg = Debug|Any CPU
		{68F0D6AA-7240-4BFD-AE17-E243343200FD}.Debug|ARM.Build.0 = Debug|Any CPU
		{68F0D6AA-7240-4BFD-AE17-E243343200FD}.Debug|iPhone.ActiveCfg = Debug|Any CPU
		{68F0D6AA-7240-4BFD-AE17-E243343200FD}.Debug|iPhone.Build.0 = Debug|Any CPU
		{68F0D6AA-7240-4BFD-AE17-E243343200FD}.Debug|iPhoneSimulator.ActiveCfg = Debug|Any CPU
		{68F0D6AA-7240-4BFD-AE17-E243343200FD}.Debug|iPhoneSimulator.Build.0 = Debug|Any CPU
		{68F0D6AA-7240-4BFD-AE17-E243343200FD}.Debug|x64.ActiveCfg = Debug|Any CPU
		{68F0D6AA-7240-4BFD-AE17-E243343200FD}.Debug|x64.Build.0 = Debug|Any CPU
		{68F0D6AA-7240-4BFD-AE17-E243343200FD}.Debug|x86.ActiveCfg = Debug|Any CPU
		{68F0D6AA-7240-4BFD-AE17-E243343200FD}.Debug|x86.Build.0 = Debug|Any CPU
		{68F0D6AA-7240-4BFD-AE17-E243343200FD}.Release|Any CPU.ActiveCfg = Release|Any CPU
		{68F0D6AA-7240-4BFD-AE17-E243343200FD}.Release|Any CPU.Build.0 = Release|Any CPU
		{68F0D6AA-7240-4BFD-AE17-E243343200FD}.Release|ARM.ActiveCfg = Release|Any CPU
		{68F0D6AA-7240-4BFD-AE17-E243343200FD}.Release|ARM.Build.0 = Release|Any CPU
		{68F0D6AA-7240-4BFD-AE17-E243343200FD}.Release|iPhone.ActiveCfg = Release|Any CPU
		{68F0D6AA-7240-4BFD-AE17-E243343200FD}.Release|iPhone.Build.0 = Release|Any CPU
		{68F0D6AA-7240-4BFD-AE17-E243343200FD}.Release|iPhoneSimulator.ActiveCfg = Release|Any CPU
		{68F0D6AA-7240-4BFD-AE17-E243343200FD}.Release|iPhoneSimulator.Build.0 = Release|Any CPU
		{68F0D6AA-7240-4BFD-AE17-E243343200FD}.Release|x64.ActiveCfg = Release|Any CPU
		{68F0D6AA-7240-4BFD-AE17-E243343200FD}.Release|x64.Build.0 = Release|Any CPU
		{68F0D6AA-7240-4BFD-AE17-E243343200FD}.Release|x86.ActiveCfg = Release|Any CPU
		{68F0D6AA-7240-4BFD-AE17-E243343200FD}.Release|x86.Build.0 = Release|Any CPU
		{FDCFE778-F70E-423A-94D3-8CCB3B09D1AD}.Debug|Any CPU.ActiveCfg = Debug|Any CPU
		{FDCFE778-F70E-423A-94D3-8CCB3B09D1AD}.Debug|Any CPU.Build.0 = Debug|Any CPU
		{FDCFE778-F70E-423A-94D3-8CCB3B09D1AD}.Debug|ARM.ActiveCfg = Debug|Any CPU
		{FDCFE778-F70E-423A-94D3-8CCB3B09D1AD}.Debug|ARM.Build.0 = Debug|Any CPU
		{FDCFE778-F70E-423A-94D3-8CCB3B09D1AD}.Debug|iPhone.ActiveCfg = Debug|Any CPU
		{FDCFE778-F70E-423A-94D3-8CCB3B09D1AD}.Debug|iPhone.Build.0 = Debug|Any CPU
		{FDCFE778-F70E-423A-94D3-8CCB3B09D1AD}.Debug|iPhoneSimulator.ActiveCfg = Debug|Any CPU
		{FDCFE778-F70E-423A-94D3-8CCB3B09D1AD}.Debug|iPhoneSimulator.Build.0 = Debug|Any CPU
		{FDCFE778-F70E-423A-94D3-8CCB3B09D1AD}.Debug|x64.ActiveCfg = Debug|Any CPU
		{FDCFE778-F70E-423A-94D3-8CCB3B09D1AD}.Debug|x64.Build.0 = Debug|Any CPU
		{FDCFE778-F70E-423A-94D3-8CCB3B09D1AD}.Debug|x86.ActiveCfg = Debug|Any CPU
		{FDCFE778-F70E-423A-94D3-8CCB3B09D1AD}.Debug|x86.Build.0 = Debug|Any CPU
		{FDCFE778-F70E-423A-94D3-8CCB3B09D1AD}.Release|Any CPU.ActiveCfg = Release|Any CPU
		{FDCFE778-F70E-423A-94D3-8CCB3B09D1AD}.Release|Any CPU.Build.0 = Release|Any CPU
		{FDCFE778-F70E-423A-94D3-8CCB3B09D1AD}.Release|ARM.ActiveCfg = Release|Any CPU
		{FDCFE778-F70E-423A-94D3-8CCB3B09D1AD}.Release|ARM.Build.0 = Release|Any CPU
		{FDCFE778-F70E-423A-94D3-8CCB3B09D1AD}.Release|iPhone.ActiveCfg = Release|Any CPU
		{FDCFE778-F70E-423A-94D3-8CCB3B09D1AD}.Release|iPhone.Build.0 = Release|Any CPU
		{FDCFE778-F70E-423A-94D3-8CCB3B09D1AD}.Release|iPhoneSimulator.ActiveCfg = Release|Any CPU
		{FDCFE778-F70E-423A-94D3-8CCB3B09D1AD}.Release|iPhoneSimulator.Build.0 = Release|Any CPU
		{FDCFE778-F70E-423A-94D3-8CCB3B09D1AD}.Release|x64.ActiveCfg = Release|Any CPU
		{FDCFE778-F70E-423A-94D3-8CCB3B09D1AD}.Release|x64.Build.0 = Release|Any CPU
		{FDCFE778-F70E-423A-94D3-8CCB3B09D1AD}.Release|x86.ActiveCfg = Release|Any CPU
		{FDCFE778-F70E-423A-94D3-8CCB3B09D1AD}.Release|x86.Build.0 = Release|Any CPU
		{4A203AB4-22CB-4418-9BC0-A1FB0707681F}.Debug|Any CPU.ActiveCfg = Debug|Any CPU
		{4A203AB4-22CB-4418-9BC0-A1FB0707681F}.Debug|Any CPU.Build.0 = Debug|Any CPU
		{4A203AB4-22CB-4418-9BC0-A1FB0707681F}.Debug|ARM.ActiveCfg = Debug|Any CPU
		{4A203AB4-22CB-4418-9BC0-A1FB0707681F}.Debug|ARM.Build.0 = Debug|Any CPU
		{4A203AB4-22CB-4418-9BC0-A1FB0707681F}.Debug|iPhone.ActiveCfg = Debug|Any CPU
		{4A203AB4-22CB-4418-9BC0-A1FB0707681F}.Debug|iPhone.Build.0 = Debug|Any CPU
		{4A203AB4-22CB-4418-9BC0-A1FB0707681F}.Debug|iPhoneSimulator.ActiveCfg = Debug|Any CPU
		{4A203AB4-22CB-4418-9BC0-A1FB0707681F}.Debug|iPhoneSimulator.Build.0 = Debug|Any CPU
		{4A203AB4-22CB-4418-9BC0-A1FB0707681F}.Debug|x64.ActiveCfg = Debug|Any CPU
		{4A203AB4-22CB-4418-9BC0-A1FB0707681F}.Debug|x64.Build.0 = Debug|Any CPU
		{4A203AB4-22CB-4418-9BC0-A1FB0707681F}.Debug|x86.ActiveCfg = Debug|Any CPU
		{4A203AB4-22CB-4418-9BC0-A1FB0707681F}.Debug|x86.Build.0 = Debug|Any CPU
		{4A203AB4-22CB-4418-9BC0-A1FB0707681F}.Release|Any CPU.ActiveCfg = Release|Any CPU
		{4A203AB4-22CB-4418-9BC0-A1FB0707681F}.Release|Any CPU.Build.0 = Release|Any CPU
		{4A203AB4-22CB-4418-9BC0-A1FB0707681F}.Release|ARM.ActiveCfg = Release|Any CPU
		{4A203AB4-22CB-4418-9BC0-A1FB0707681F}.Release|ARM.Build.0 = Release|Any CPU
		{4A203AB4-22CB-4418-9BC0-A1FB0707681F}.Release|iPhone.ActiveCfg = Release|Any CPU
		{4A203AB4-22CB-4418-9BC0-A1FB0707681F}.Release|iPhone.Build.0 = Release|Any CPU
		{4A203AB4-22CB-4418-9BC0-A1FB0707681F}.Release|iPhoneSimulator.ActiveCfg = Release|Any CPU
		{4A203AB4-22CB-4418-9BC0-A1FB0707681F}.Release|iPhoneSimulator.Build.0 = Release|Any CPU
		{4A203AB4-22CB-4418-9BC0-A1FB0707681F}.Release|x64.ActiveCfg = Release|Any CPU
		{4A203AB4-22CB-4418-9BC0-A1FB0707681F}.Release|x64.Build.0 = Release|Any CPU
		{4A203AB4-22CB-4418-9BC0-A1FB0707681F}.Release|x86.ActiveCfg = Release|Any CPU
		{4A203AB4-22CB-4418-9BC0-A1FB0707681F}.Release|x86.Build.0 = Release|Any CPU
		{3EE568FF-DE35-47F6-A2FB-5E0264A301D9}.Debug|Any CPU.ActiveCfg = Debug|Any CPU
		{3EE568FF-DE35-47F6-A2FB-5E0264A301D9}.Debug|Any CPU.Build.0 = Debug|Any CPU
		{3EE568FF-DE35-47F6-A2FB-5E0264A301D9}.Debug|ARM.ActiveCfg = Debug|Any CPU
		{3EE568FF-DE35-47F6-A2FB-5E0264A301D9}.Debug|ARM.Build.0 = Debug|Any CPU
		{3EE568FF-DE35-47F6-A2FB-5E0264A301D9}.Debug|iPhone.ActiveCfg = Debug|Any CPU
		{3EE568FF-DE35-47F6-A2FB-5E0264A301D9}.Debug|iPhone.Build.0 = Debug|Any CPU
		{3EE568FF-DE35-47F6-A2FB-5E0264A301D9}.Debug|iPhoneSimulator.ActiveCfg = Debug|Any CPU
		{3EE568FF-DE35-47F6-A2FB-5E0264A301D9}.Debug|iPhoneSimulator.Build.0 = Debug|Any CPU
		{3EE568FF-DE35-47F6-A2FB-5E0264A301D9}.Debug|x64.ActiveCfg = Debug|Any CPU
		{3EE568FF-DE35-47F6-A2FB-5E0264A301D9}.Debug|x64.Build.0 = Debug|Any CPU
		{3EE568FF-DE35-47F6-A2FB-5E0264A301D9}.Debug|x86.ActiveCfg = Debug|Any CPU
		{3EE568FF-DE35-47F6-A2FB-5E0264A301D9}.Debug|x86.Build.0 = Debug|Any CPU
		{3EE568FF-DE35-47F6-A2FB-5E0264A301D9}.Release|Any CPU.ActiveCfg = Release|Any CPU
		{3EE568FF-DE35-47F6-A2FB-5E0264A301D9}.Release|Any CPU.Build.0 = Release|Any CPU
		{3EE568FF-DE35-47F6-A2FB-5E0264A301D9}.Release|ARM.ActiveCfg = Release|Any CPU
		{3EE568FF-DE35-47F6-A2FB-5E0264A301D9}.Release|ARM.Build.0 = Release|Any CPU
		{3EE568FF-DE35-47F6-A2FB-5E0264A301D9}.Release|iPhone.ActiveCfg = Release|Any CPU
		{3EE568FF-DE35-47F6-A2FB-5E0264A301D9}.Release|iPhone.Build.0 = Release|Any CPU
		{3EE568FF-DE35-47F6-A2FB-5E0264A301D9}.Release|iPhoneSimulator.ActiveCfg = Release|Any CPU
		{3EE568FF-DE35-47F6-A2FB-5E0264A301D9}.Release|iPhoneSimulator.Build.0 = Release|Any CPU
		{3EE568FF-DE35-47F6-A2FB-5E0264A301D9}.Release|x64.ActiveCfg = Release|Any CPU
		{3EE568FF-DE35-47F6-A2FB-5E0264A301D9}.Release|x64.Build.0 = Release|Any CPU
		{3EE568FF-DE35-47F6-A2FB-5E0264A301D9}.Release|x86.ActiveCfg = Release|Any CPU
		{3EE568FF-DE35-47F6-A2FB-5E0264A301D9}.Release|x86.Build.0 = Release|Any CPU
		{3369C64C-E12D-4F34-A5CF-C6A488CAAD5B}.Debug|Any CPU.ActiveCfg = Debug|Any CPU
		{3369C64C-E12D-4F34-A5CF-C6A488CAAD5B}.Debug|Any CPU.Build.0 = Debug|Any CPU
		{3369C64C-E12D-4F34-A5CF-C6A488CAAD5B}.Debug|ARM.ActiveCfg = Debug|Any CPU
		{3369C64C-E12D-4F34-A5CF-C6A488CAAD5B}.Debug|ARM.Build.0 = Debug|Any CPU
		{3369C64C-E12D-4F34-A5CF-C6A488CAAD5B}.Debug|iPhone.ActiveCfg = Debug|Any CPU
		{3369C64C-E12D-4F34-A5CF-C6A488CAAD5B}.Debug|iPhone.Build.0 = Debug|Any CPU
		{3369C64C-E12D-4F34-A5CF-C6A488CAAD5B}.Debug|iPhoneSimulator.ActiveCfg = Debug|Any CPU
		{3369C64C-E12D-4F34-A5CF-C6A488CAAD5B}.Debug|iPhoneSimulator.Build.0 = Debug|Any CPU
		{3369C64C-E12D-4F34-A5CF-C6A488CAAD5B}.Debug|x64.ActiveCfg = Debug|Any CPU
		{3369C64C-E12D-4F34-A5CF-C6A488CAAD5B}.Debug|x64.Build.0 = Debug|Any CPU
		{3369C64C-E12D-4F34-A5CF-C6A488CAAD5B}.Debug|x86.ActiveCfg = Debug|Any CPU
		{3369C64C-E12D-4F34-A5CF-C6A488CAAD5B}.Debug|x86.Build.0 = Debug|Any CPU
		{3369C64C-E12D-4F34-A5CF-C6A488CAAD5B}.Release|Any CPU.ActiveCfg = Release|Any CPU
		{3369C64C-E12D-4F34-A5CF-C6A488CAAD5B}.Release|Any CPU.Build.0 = Release|Any CPU
		{3369C64C-E12D-4F34-A5CF-C6A488CAAD5B}.Release|ARM.ActiveCfg = Release|Any CPU
		{3369C64C-E12D-4F34-A5CF-C6A488CAAD5B}.Release|ARM.Build.0 = Release|Any CPU
		{3369C64C-E12D-4F34-A5CF-C6A488CAAD5B}.Release|iPhone.ActiveCfg = Release|Any CPU
		{3369C64C-E12D-4F34-A5CF-C6A488CAAD5B}.Release|iPhone.Build.0 = Release|Any CPU
		{3369C64C-E12D-4F34-A5CF-C6A488CAAD5B}.Release|iPhoneSimulator.ActiveCfg = Release|Any CPU
		{3369C64C-E12D-4F34-A5CF-C6A488CAAD5B}.Release|iPhoneSimulator.Build.0 = Release|Any CPU
		{3369C64C-E12D-4F34-A5CF-C6A488CAAD5B}.Release|x64.ActiveCfg = Release|Any CPU
		{3369C64C-E12D-4F34-A5CF-C6A488CAAD5B}.Release|x64.Build.0 = Release|Any CPU
		{3369C64C-E12D-4F34-A5CF-C6A488CAAD5B}.Release|x86.ActiveCfg = Release|Any CPU
		{3369C64C-E12D-4F34-A5CF-C6A488CAAD5B}.Release|x86.Build.0 = Release|Any CPU
		{10704979-4770-48B7-A260-EC6C5E6194CB}.Debug|Any CPU.ActiveCfg = Debug|Any CPU
		{10704979-4770-48B7-A260-EC6C5E6194CB}.Debug|Any CPU.Build.0 = Debug|Any CPU
		{10704979-4770-48B7-A260-EC6C5E6194CB}.Debug|ARM.ActiveCfg = Debug|Any CPU
		{10704979-4770-48B7-A260-EC6C5E6194CB}.Debug|ARM.Build.0 = Debug|Any CPU
		{10704979-4770-48B7-A260-EC6C5E6194CB}.Debug|iPhone.ActiveCfg = Debug|Any CPU
		{10704979-4770-48B7-A260-EC6C5E6194CB}.Debug|iPhone.Build.0 = Debug|Any CPU
		{10704979-4770-48B7-A260-EC6C5E6194CB}.Debug|iPhoneSimulator.ActiveCfg = Debug|Any CPU
		{10704979-4770-48B7-A260-EC6C5E6194CB}.Debug|iPhoneSimulator.Build.0 = Debug|Any CPU
		{10704979-4770-48B7-A260-EC6C5E6194CB}.Debug|x64.ActiveCfg = Debug|Any CPU
		{10704979-4770-48B7-A260-EC6C5E6194CB}.Debug|x64.Build.0 = Debug|Any CPU
		{10704979-4770-48B7-A260-EC6C5E6194CB}.Debug|x86.ActiveCfg = Debug|Any CPU
		{10704979-4770-48B7-A260-EC6C5E6194CB}.Debug|x86.Build.0 = Debug|Any CPU
		{10704979-4770-48B7-A260-EC6C5E6194CB}.Release|Any CPU.ActiveCfg = Release|Any CPU
		{10704979-4770-48B7-A260-EC6C5E6194CB}.Release|Any CPU.Build.0 = Release|Any CPU
		{10704979-4770-48B7-A260-EC6C5E6194CB}.Release|ARM.ActiveCfg = Release|Any CPU
		{10704979-4770-48B7-A260-EC6C5E6194CB}.Release|ARM.Build.0 = Release|Any CPU
		{10704979-4770-48B7-A260-EC6C5E6194CB}.Release|iPhone.ActiveCfg = Release|Any CPU
		{10704979-4770-48B7-A260-EC6C5E6194CB}.Release|iPhone.Build.0 = Release|Any CPU
		{10704979-4770-48B7-A260-EC6C5E6194CB}.Release|iPhoneSimulator.ActiveCfg = Release|Any CPU
		{10704979-4770-48B7-A260-EC6C5E6194CB}.Release|iPhoneSimulator.Build.0 = Release|Any CPU
		{10704979-4770-48B7-A260-EC6C5E6194CB}.Release|x64.ActiveCfg = Release|Any CPU
		{10704979-4770-48B7-A260-EC6C5E6194CB}.Release|x64.Build.0 = Release|Any CPU
		{10704979-4770-48B7-A260-EC6C5E6194CB}.Release|x86.ActiveCfg = Release|Any CPU
		{10704979-4770-48B7-A260-EC6C5E6194CB}.Release|x86.Build.0 = Release|Any CPU
		{1D6E8E3D-4B5C-4A8E-809A-8B33AF7DBB0C}.Debug|Any CPU.ActiveCfg = Debug|Any CPU
		{1D6E8E3D-4B5C-4A8E-809A-8B33AF7DBB0C}.Debug|Any CPU.Build.0 = Debug|Any CPU
		{1D6E8E3D-4B5C-4A8E-809A-8B33AF7DBB0C}.Debug|ARM.ActiveCfg = Debug|Any CPU
		{1D6E8E3D-4B5C-4A8E-809A-8B33AF7DBB0C}.Debug|ARM.Build.0 = Debug|Any CPU
		{1D6E8E3D-4B5C-4A8E-809A-8B33AF7DBB0C}.Debug|iPhone.ActiveCfg = Debug|Any CPU
		{1D6E8E3D-4B5C-4A8E-809A-8B33AF7DBB0C}.Debug|iPhone.Build.0 = Debug|Any CPU
		{1D6E8E3D-4B5C-4A8E-809A-8B33AF7DBB0C}.Debug|iPhoneSimulator.ActiveCfg = Debug|Any CPU
		{1D6E8E3D-4B5C-4A8E-809A-8B33AF7DBB0C}.Debug|iPhoneSimulator.Build.0 = Debug|Any CPU
		{1D6E8E3D-4B5C-4A8E-809A-8B33AF7DBB0C}.Debug|x64.ActiveCfg = Debug|Any CPU
		{1D6E8E3D-4B5C-4A8E-809A-8B33AF7DBB0C}.Debug|x64.Build.0 = Debug|Any CPU
		{1D6E8E3D-4B5C-4A8E-809A-8B33AF7DBB0C}.Debug|x86.ActiveCfg = Debug|Any CPU
		{1D6E8E3D-4B5C-4A8E-809A-8B33AF7DBB0C}.Debug|x86.Build.0 = Debug|Any CPU
		{1D6E8E3D-4B5C-4A8E-809A-8B33AF7DBB0C}.Release|Any CPU.ActiveCfg = Release|Any CPU
		{1D6E8E3D-4B5C-4A8E-809A-8B33AF7DBB0C}.Release|Any CPU.Build.0 = Release|Any CPU
		{1D6E8E3D-4B5C-4A8E-809A-8B33AF7DBB0C}.Release|ARM.ActiveCfg = Release|Any CPU
		{1D6E8E3D-4B5C-4A8E-809A-8B33AF7DBB0C}.Release|ARM.Build.0 = Release|Any CPU
		{1D6E8E3D-4B5C-4A8E-809A-8B33AF7DBB0C}.Release|iPhone.ActiveCfg = Release|Any CPU
		{1D6E8E3D-4B5C-4A8E-809A-8B33AF7DBB0C}.Release|iPhone.Build.0 = Release|Any CPU
		{1D6E8E3D-4B5C-4A8E-809A-8B33AF7DBB0C}.Release|iPhoneSimulator.ActiveCfg = Release|Any CPU
		{1D6E8E3D-4B5C-4A8E-809A-8B33AF7DBB0C}.Release|iPhoneSimulator.Build.0 = Release|Any CPU
		{1D6E8E3D-4B5C-4A8E-809A-8B33AF7DBB0C}.Release|x64.ActiveCfg = Release|Any CPU
		{1D6E8E3D-4B5C-4A8E-809A-8B33AF7DBB0C}.Release|x64.Build.0 = Release|Any CPU
		{1D6E8E3D-4B5C-4A8E-809A-8B33AF7DBB0C}.Release|x86.ActiveCfg = Release|Any CPU
		{1D6E8E3D-4B5C-4A8E-809A-8B33AF7DBB0C}.Release|x86.Build.0 = Release|Any CPU
		{862A30A0-0AEF-4E9A-AB2E-BA3FB95D5ACF}.Debug|Any CPU.ActiveCfg = Debug|Any CPU
		{862A30A0-0AEF-4E9A-AB2E-BA3FB95D5ACF}.Debug|Any CPU.Build.0 = Debug|Any CPU
		{862A30A0-0AEF-4E9A-AB2E-BA3FB95D5ACF}.Debug|ARM.ActiveCfg = Debug|Any CPU
		{862A30A0-0AEF-4E9A-AB2E-BA3FB95D5ACF}.Debug|ARM.Build.0 = Debug|Any CPU
		{862A30A0-0AEF-4E9A-AB2E-BA3FB95D5ACF}.Debug|iPhone.ActiveCfg = Debug|Any CPU
		{862A30A0-0AEF-4E9A-AB2E-BA3FB95D5ACF}.Debug|iPhone.Build.0 = Debug|Any CPU
		{862A30A0-0AEF-4E9A-AB2E-BA3FB95D5ACF}.Debug|iPhoneSimulator.ActiveCfg = Debug|Any CPU
		{862A30A0-0AEF-4E9A-AB2E-BA3FB95D5ACF}.Debug|iPhoneSimulator.Build.0 = Debug|Any CPU
		{862A30A0-0AEF-4E9A-AB2E-BA3FB95D5ACF}.Debug|x64.ActiveCfg = Debug|Any CPU
		{862A30A0-0AEF-4E9A-AB2E-BA3FB95D5ACF}.Debug|x64.Build.0 = Debug|Any CPU
		{862A30A0-0AEF-4E9A-AB2E-BA3FB95D5ACF}.Debug|x86.ActiveCfg = Debug|Any CPU
		{862A30A0-0AEF-4E9A-AB2E-BA3FB95D5ACF}.Debug|x86.Build.0 = Debug|Any CPU
		{862A30A0-0AEF-4E9A-AB2E-BA3FB95D5ACF}.Release|Any CPU.ActiveCfg = Release|Any CPU
		{862A30A0-0AEF-4E9A-AB2E-BA3FB95D5ACF}.Release|Any CPU.Build.0 = Release|Any CPU
		{862A30A0-0AEF-4E9A-AB2E-BA3FB95D5ACF}.Release|ARM.ActiveCfg = Release|Any CPU
		{862A30A0-0AEF-4E9A-AB2E-BA3FB95D5ACF}.Release|ARM.Build.0 = Release|Any CPU
		{862A30A0-0AEF-4E9A-AB2E-BA3FB95D5ACF}.Release|iPhone.ActiveCfg = Release|Any CPU
		{862A30A0-0AEF-4E9A-AB2E-BA3FB95D5ACF}.Release|iPhone.Build.0 = Release|Any CPU
		{862A30A0-0AEF-4E9A-AB2E-BA3FB95D5ACF}.Release|iPhoneSimulator.ActiveCfg = Release|Any CPU
		{862A30A0-0AEF-4E9A-AB2E-BA3FB95D5ACF}.Release|iPhoneSimulator.Build.0 = Release|Any CPU
		{862A30A0-0AEF-4E9A-AB2E-BA3FB95D5ACF}.Release|x64.ActiveCfg = Release|Any CPU
		{862A30A0-0AEF-4E9A-AB2E-BA3FB95D5ACF}.Release|x64.Build.0 = Release|Any CPU
		{862A30A0-0AEF-4E9A-AB2E-BA3FB95D5ACF}.Release|x86.ActiveCfg = Release|Any CPU
		{862A30A0-0AEF-4E9A-AB2E-BA3FB95D5ACF}.Release|x86.Build.0 = Release|Any CPU
		{6A506E04-8B52-4484-B646-1090DD223A28}.Debug|Any CPU.ActiveCfg = Debug|Any CPU
		{6A506E04-8B52-4484-B646-1090DD223A28}.Debug|Any CPU.Build.0 = Debug|Any CPU
		{6A506E04-8B52-4484-B646-1090DD223A28}.Debug|ARM.ActiveCfg = Debug|Any CPU
		{6A506E04-8B52-4484-B646-1090DD223A28}.Debug|ARM.Build.0 = Debug|Any CPU
		{6A506E04-8B52-4484-B646-1090DD223A28}.Debug|iPhone.ActiveCfg = Debug|Any CPU
		{6A506E04-8B52-4484-B646-1090DD223A28}.Debug|iPhone.Build.0 = Debug|Any CPU
		{6A506E04-8B52-4484-B646-1090DD223A28}.Debug|iPhoneSimulator.ActiveCfg = Debug|Any CPU
		{6A506E04-8B52-4484-B646-1090DD223A28}.Debug|iPhoneSimulator.Build.0 = Debug|Any CPU
		{6A506E04-8B52-4484-B646-1090DD223A28}.Debug|x64.ActiveCfg = Debug|Any CPU
		{6A506E04-8B52-4484-B646-1090DD223A28}.Debug|x64.Build.0 = Debug|Any CPU
		{6A506E04-8B52-4484-B646-1090DD223A28}.Debug|x86.ActiveCfg = Debug|Any CPU
		{6A506E04-8B52-4484-B646-1090DD223A28}.Debug|x86.Build.0 = Debug|Any CPU
		{6A506E04-8B52-4484-B646-1090DD223A28}.Release|Any CPU.ActiveCfg = Release|Any CPU
		{6A506E04-8B52-4484-B646-1090DD223A28}.Release|Any CPU.Build.0 = Release|Any CPU
		{6A506E04-8B52-4484-B646-1090DD223A28}.Release|ARM.ActiveCfg = Release|Any CPU
		{6A506E04-8B52-4484-B646-1090DD223A28}.Release|ARM.Build.0 = Release|Any CPU
		{6A506E04-8B52-4484-B646-1090DD223A28}.Release|iPhone.ActiveCfg = Release|Any CPU
		{6A506E04-8B52-4484-B646-1090DD223A28}.Release|iPhone.Build.0 = Release|Any CPU
		{6A506E04-8B52-4484-B646-1090DD223A28}.Release|iPhoneSimulator.ActiveCfg = Release|Any CPU
		{6A506E04-8B52-4484-B646-1090DD223A28}.Release|iPhoneSimulator.Build.0 = Release|Any CPU
		{6A506E04-8B52-4484-B646-1090DD223A28}.Release|x64.ActiveCfg = Release|Any CPU
		{6A506E04-8B52-4484-B646-1090DD223A28}.Release|x64.Build.0 = Release|Any CPU
		{6A506E04-8B52-4484-B646-1090DD223A28}.Release|x86.ActiveCfg = Release|Any CPU
		{6A506E04-8B52-4484-B646-1090DD223A28}.Release|x86.Build.0 = Release|Any CPU
		{C5AC45D1-FE52-4948-B4F4-29D80A66C5B1}.Debug|Any CPU.ActiveCfg = Debug|Any CPU
		{C5AC45D1-FE52-4948-B4F4-29D80A66C5B1}.Debug|Any CPU.Build.0 = Debug|Any CPU
		{C5AC45D1-FE52-4948-B4F4-29D80A66C5B1}.Debug|ARM.ActiveCfg = Debug|Any CPU
		{C5AC45D1-FE52-4948-B4F4-29D80A66C5B1}.Debug|ARM.Build.0 = Debug|Any CPU
		{C5AC45D1-FE52-4948-B4F4-29D80A66C5B1}.Debug|iPhone.ActiveCfg = Debug|Any CPU
		{C5AC45D1-FE52-4948-B4F4-29D80A66C5B1}.Debug|iPhone.Build.0 = Debug|Any CPU
		{C5AC45D1-FE52-4948-B4F4-29D80A66C5B1}.Debug|iPhoneSimulator.ActiveCfg = Debug|Any CPU
		{C5AC45D1-FE52-4948-B4F4-29D80A66C5B1}.Debug|iPhoneSimulator.Build.0 = Debug|Any CPU
		{C5AC45D1-FE52-4948-B4F4-29D80A66C5B1}.Debug|x64.ActiveCfg = Debug|Any CPU
		{C5AC45D1-FE52-4948-B4F4-29D80A66C5B1}.Debug|x64.Build.0 = Debug|Any CPU
		{C5AC45D1-FE52-4948-B4F4-29D80A66C5B1}.Debug|x86.ActiveCfg = Debug|Any CPU
		{C5AC45D1-FE52-4948-B4F4-29D80A66C5B1}.Debug|x86.Build.0 = Debug|Any CPU
		{C5AC45D1-FE52-4948-B4F4-29D80A66C5B1}.Release|Any CPU.ActiveCfg = Release|Any CPU
		{C5AC45D1-FE52-4948-B4F4-29D80A66C5B1}.Release|Any CPU.Build.0 = Release|Any CPU
		{C5AC45D1-FE52-4948-B4F4-29D80A66C5B1}.Release|ARM.ActiveCfg = Release|Any CPU
		{C5AC45D1-FE52-4948-B4F4-29D80A66C5B1}.Release|ARM.Build.0 = Release|Any CPU
		{C5AC45D1-FE52-4948-B4F4-29D80A66C5B1}.Release|iPhone.ActiveCfg = Release|Any CPU
		{C5AC45D1-FE52-4948-B4F4-29D80A66C5B1}.Release|iPhone.Build.0 = Release|Any CPU
		{C5AC45D1-FE52-4948-B4F4-29D80A66C5B1}.Release|iPhoneSimulator.ActiveCfg = Release|Any CPU
		{C5AC45D1-FE52-4948-B4F4-29D80A66C5B1}.Release|iPhoneSimulator.Build.0 = Release|Any CPU
		{C5AC45D1-FE52-4948-B4F4-29D80A66C5B1}.Release|x64.ActiveCfg = Release|Any CPU
		{C5AC45D1-FE52-4948-B4F4-29D80A66C5B1}.Release|x64.Build.0 = Release|Any CPU
		{C5AC45D1-FE52-4948-B4F4-29D80A66C5B1}.Release|x86.ActiveCfg = Release|Any CPU
		{C5AC45D1-FE52-4948-B4F4-29D80A66C5B1}.Release|x86.Build.0 = Release|Any CPU
		{1CCD8CD0-F7F8-4488-8DA1-102E0CEB9AF0}.Debug|Any CPU.ActiveCfg = Debug|Any CPU
		{1CCD8CD0-F7F8-4488-8DA1-102E0CEB9AF0}.Debug|Any CPU.Build.0 = Debug|Any CPU
		{1CCD8CD0-F7F8-4488-8DA1-102E0CEB9AF0}.Debug|ARM.ActiveCfg = Debug|Any CPU
		{1CCD8CD0-F7F8-4488-8DA1-102E0CEB9AF0}.Debug|ARM.Build.0 = Debug|Any CPU
		{1CCD8CD0-F7F8-4488-8DA1-102E0CEB9AF0}.Debug|iPhone.ActiveCfg = Debug|Any CPU
		{1CCD8CD0-F7F8-4488-8DA1-102E0CEB9AF0}.Debug|iPhone.Build.0 = Debug|Any CPU
		{1CCD8CD0-F7F8-4488-8DA1-102E0CEB9AF0}.Debug|iPhoneSimulator.ActiveCfg = Debug|Any CPU
		{1CCD8CD0-F7F8-4488-8DA1-102E0CEB9AF0}.Debug|iPhoneSimulator.Build.0 = Debug|Any CPU
		{1CCD8CD0-F7F8-4488-8DA1-102E0CEB9AF0}.Debug|x64.ActiveCfg = Debug|Any CPU
		{1CCD8CD0-F7F8-4488-8DA1-102E0CEB9AF0}.Debug|x64.Build.0 = Debug|Any CPU
		{1CCD8CD0-F7F8-4488-8DA1-102E0CEB9AF0}.Debug|x86.ActiveCfg = Debug|Any CPU
		{1CCD8CD0-F7F8-4488-8DA1-102E0CEB9AF0}.Debug|x86.Build.0 = Debug|Any CPU
		{1CCD8CD0-F7F8-4488-8DA1-102E0CEB9AF0}.Release|Any CPU.ActiveCfg = Release|Any CPU
		{1CCD8CD0-F7F8-4488-8DA1-102E0CEB9AF0}.Release|Any CPU.Build.0 = Release|Any CPU
		{1CCD8CD0-F7F8-4488-8DA1-102E0CEB9AF0}.Release|ARM.ActiveCfg = Release|Any CPU
		{1CCD8CD0-F7F8-4488-8DA1-102E0CEB9AF0}.Release|ARM.Build.0 = Release|Any CPU
		{1CCD8CD0-F7F8-4488-8DA1-102E0CEB9AF0}.Release|iPhone.ActiveCfg = Release|Any CPU
		{1CCD8CD0-F7F8-4488-8DA1-102E0CEB9AF0}.Release|iPhone.Build.0 = Release|Any CPU
		{1CCD8CD0-F7F8-4488-8DA1-102E0CEB9AF0}.Release|iPhoneSimulator.ActiveCfg = Release|Any CPU
		{1CCD8CD0-F7F8-4488-8DA1-102E0CEB9AF0}.Release|iPhoneSimulator.Build.0 = Release|Any CPU
		{1CCD8CD0-F7F8-4488-8DA1-102E0CEB9AF0}.Release|x64.ActiveCfg = Release|Any CPU
		{1CCD8CD0-F7F8-4488-8DA1-102E0CEB9AF0}.Release|x64.Build.0 = Release|Any CPU
		{1CCD8CD0-F7F8-4488-8DA1-102E0CEB9AF0}.Release|x86.ActiveCfg = Release|Any CPU
		{1CCD8CD0-F7F8-4488-8DA1-102E0CEB9AF0}.Release|x86.Build.0 = Release|Any CPU
		{D2E85958-ACFB-44F4-96FA-D2802B105CE7}.Debug|Any CPU.ActiveCfg = Debug|Any CPU
		{D2E85958-ACFB-44F4-96FA-D2802B105CE7}.Debug|Any CPU.Build.0 = Debug|Any CPU
		{D2E85958-ACFB-44F4-96FA-D2802B105CE7}.Debug|Any CPU.Deploy.0 = Debug|Any CPU
		{D2E85958-ACFB-44F4-96FA-D2802B105CE7}.Debug|ARM.ActiveCfg = Debug|Any CPU
		{D2E85958-ACFB-44F4-96FA-D2802B105CE7}.Debug|ARM.Build.0 = Debug|Any CPU
		{D2E85958-ACFB-44F4-96FA-D2802B105CE7}.Debug|ARM.Deploy.0 = Debug|Any CPU
		{D2E85958-ACFB-44F4-96FA-D2802B105CE7}.Debug|iPhone.ActiveCfg = Debug|Any CPU
		{D2E85958-ACFB-44F4-96FA-D2802B105CE7}.Debug|iPhone.Build.0 = Debug|Any CPU
		{D2E85958-ACFB-44F4-96FA-D2802B105CE7}.Debug|iPhone.Deploy.0 = Debug|Any CPU
		{D2E85958-ACFB-44F4-96FA-D2802B105CE7}.Debug|iPhoneSimulator.ActiveCfg = Debug|Any CPU
		{D2E85958-ACFB-44F4-96FA-D2802B105CE7}.Debug|iPhoneSimulator.Build.0 = Debug|Any CPU
		{D2E85958-ACFB-44F4-96FA-D2802B105CE7}.Debug|iPhoneSimulator.Deploy.0 = Debug|Any CPU
		{D2E85958-ACFB-44F4-96FA-D2802B105CE7}.Debug|x64.ActiveCfg = Debug|Any CPU
		{D2E85958-ACFB-44F4-96FA-D2802B105CE7}.Debug|x64.Build.0 = Debug|Any CPU
		{D2E85958-ACFB-44F4-96FA-D2802B105CE7}.Debug|x64.Deploy.0 = Debug|Any CPU
		{D2E85958-ACFB-44F4-96FA-D2802B105CE7}.Debug|x86.ActiveCfg = Debug|Any CPU
		{D2E85958-ACFB-44F4-96FA-D2802B105CE7}.Debug|x86.Build.0 = Debug|Any CPU
		{D2E85958-ACFB-44F4-96FA-D2802B105CE7}.Debug|x86.Deploy.0 = Debug|Any CPU
		{D2E85958-ACFB-44F4-96FA-D2802B105CE7}.Release|Any CPU.ActiveCfg = Release|Any CPU
		{D2E85958-ACFB-44F4-96FA-D2802B105CE7}.Release|Any CPU.Build.0 = Release|Any CPU
		{D2E85958-ACFB-44F4-96FA-D2802B105CE7}.Release|Any CPU.Deploy.0 = Release|Any CPU
		{D2E85958-ACFB-44F4-96FA-D2802B105CE7}.Release|ARM.ActiveCfg = Release|Any CPU
		{D2E85958-ACFB-44F4-96FA-D2802B105CE7}.Release|ARM.Build.0 = Release|Any CPU
		{D2E85958-ACFB-44F4-96FA-D2802B105CE7}.Release|ARM.Deploy.0 = Release|Any CPU
		{D2E85958-ACFB-44F4-96FA-D2802B105CE7}.Release|iPhone.ActiveCfg = Release|Any CPU
		{D2E85958-ACFB-44F4-96FA-D2802B105CE7}.Release|iPhone.Build.0 = Release|Any CPU
		{D2E85958-ACFB-44F4-96FA-D2802B105CE7}.Release|iPhone.Deploy.0 = Release|Any CPU
		{D2E85958-ACFB-44F4-96FA-D2802B105CE7}.Release|iPhoneSimulator.ActiveCfg = Release|Any CPU
		{D2E85958-ACFB-44F4-96FA-D2802B105CE7}.Release|iPhoneSimulator.Build.0 = Release|Any CPU
		{D2E85958-ACFB-44F4-96FA-D2802B105CE7}.Release|iPhoneSimulator.Deploy.0 = Release|Any CPU
		{D2E85958-ACFB-44F4-96FA-D2802B105CE7}.Release|x64.ActiveCfg = Release|Any CPU
		{D2E85958-ACFB-44F4-96FA-D2802B105CE7}.Release|x64.Build.0 = Release|Any CPU
		{D2E85958-ACFB-44F4-96FA-D2802B105CE7}.Release|x64.Deploy.0 = Release|Any CPU
		{D2E85958-ACFB-44F4-96FA-D2802B105CE7}.Release|x86.ActiveCfg = Release|Any CPU
		{D2E85958-ACFB-44F4-96FA-D2802B105CE7}.Release|x86.Build.0 = Release|Any CPU
		{D2E85958-ACFB-44F4-96FA-D2802B105CE7}.Release|x86.Deploy.0 = Release|Any CPU
		{07AF155A-9B4F-4427-AAE0-A6963F0482C7}.Debug|Any CPU.ActiveCfg = Debug|Any CPU
		{07AF155A-9B4F-4427-AAE0-A6963F0482C7}.Debug|Any CPU.Build.0 = Debug|Any CPU
		{07AF155A-9B4F-4427-AAE0-A6963F0482C7}.Debug|ARM.ActiveCfg = Debug|Any CPU
		{07AF155A-9B4F-4427-AAE0-A6963F0482C7}.Debug|ARM.Build.0 = Debug|Any CPU
		{07AF155A-9B4F-4427-AAE0-A6963F0482C7}.Debug|iPhone.ActiveCfg = Debug|Any CPU
		{07AF155A-9B4F-4427-AAE0-A6963F0482C7}.Debug|iPhone.Build.0 = Debug|Any CPU
		{07AF155A-9B4F-4427-AAE0-A6963F0482C7}.Debug|iPhoneSimulator.ActiveCfg = Debug|Any CPU
		{07AF155A-9B4F-4427-AAE0-A6963F0482C7}.Debug|iPhoneSimulator.Build.0 = Debug|Any CPU
		{07AF155A-9B4F-4427-AAE0-A6963F0482C7}.Debug|x64.ActiveCfg = Debug|Any CPU
		{07AF155A-9B4F-4427-AAE0-A6963F0482C7}.Debug|x64.Build.0 = Debug|Any CPU
		{07AF155A-9B4F-4427-AAE0-A6963F0482C7}.Debug|x86.ActiveCfg = Debug|Any CPU
		{07AF155A-9B4F-4427-AAE0-A6963F0482C7}.Debug|x86.Build.0 = Debug|Any CPU
		{07AF155A-9B4F-4427-AAE0-A6963F0482C7}.Release|Any CPU.ActiveCfg = Release|Any CPU
		{07AF155A-9B4F-4427-AAE0-A6963F0482C7}.Release|Any CPU.Build.0 = Release|Any CPU
		{07AF155A-9B4F-4427-AAE0-A6963F0482C7}.Release|ARM.ActiveCfg = Release|Any CPU
		{07AF155A-9B4F-4427-AAE0-A6963F0482C7}.Release|ARM.Build.0 = Release|Any CPU
		{07AF155A-9B4F-4427-AAE0-A6963F0482C7}.Release|iPhone.ActiveCfg = Release|Any CPU
		{07AF155A-9B4F-4427-AAE0-A6963F0482C7}.Release|iPhone.Build.0 = Release|Any CPU
		{07AF155A-9B4F-4427-AAE0-A6963F0482C7}.Release|iPhoneSimulator.ActiveCfg = Release|Any CPU
		{07AF155A-9B4F-4427-AAE0-A6963F0482C7}.Release|iPhoneSimulator.Build.0 = Release|Any CPU
		{07AF155A-9B4F-4427-AAE0-A6963F0482C7}.Release|x64.ActiveCfg = Release|Any CPU
		{07AF155A-9B4F-4427-AAE0-A6963F0482C7}.Release|x64.Build.0 = Release|Any CPU
		{07AF155A-9B4F-4427-AAE0-A6963F0482C7}.Release|x86.ActiveCfg = Release|Any CPU
		{07AF155A-9B4F-4427-AAE0-A6963F0482C7}.Release|x86.Build.0 = Release|Any CPU
		{480DF7A4-36C4-4A29-914A-70064FE038A4}.Debug|Any CPU.ActiveCfg = Debug|Any CPU
		{480DF7A4-36C4-4A29-914A-70064FE038A4}.Debug|Any CPU.Build.0 = Debug|Any CPU
		{480DF7A4-36C4-4A29-914A-70064FE038A4}.Debug|ARM.ActiveCfg = Debug|Any CPU
		{480DF7A4-36C4-4A29-914A-70064FE038A4}.Debug|ARM.Build.0 = Debug|Any CPU
		{480DF7A4-36C4-4A29-914A-70064FE038A4}.Debug|iPhone.ActiveCfg = Debug|Any CPU
		{480DF7A4-36C4-4A29-914A-70064FE038A4}.Debug|iPhone.Build.0 = Debug|Any CPU
		{480DF7A4-36C4-4A29-914A-70064FE038A4}.Debug|iPhoneSimulator.ActiveCfg = Debug|Any CPU
		{480DF7A4-36C4-4A29-914A-70064FE038A4}.Debug|iPhoneSimulator.Build.0 = Debug|Any CPU
		{480DF7A4-36C4-4A29-914A-70064FE038A4}.Debug|x64.ActiveCfg = Debug|Any CPU
		{480DF7A4-36C4-4A29-914A-70064FE038A4}.Debug|x64.Build.0 = Debug|Any CPU
		{480DF7A4-36C4-4A29-914A-70064FE038A4}.Debug|x86.ActiveCfg = Debug|Any CPU
		{480DF7A4-36C4-4A29-914A-70064FE038A4}.Debug|x86.Build.0 = Debug|Any CPU
		{480DF7A4-36C4-4A29-914A-70064FE038A4}.Release|Any CPU.ActiveCfg = Release|Any CPU
		{480DF7A4-36C4-4A29-914A-70064FE038A4}.Release|Any CPU.Build.0 = Release|Any CPU
		{480DF7A4-36C4-4A29-914A-70064FE038A4}.Release|ARM.ActiveCfg = Release|Any CPU
		{480DF7A4-36C4-4A29-914A-70064FE038A4}.Release|ARM.Build.0 = Release|Any CPU
		{480DF7A4-36C4-4A29-914A-70064FE038A4}.Release|iPhone.ActiveCfg = Release|Any CPU
		{480DF7A4-36C4-4A29-914A-70064FE038A4}.Release|iPhone.Build.0 = Release|Any CPU
		{480DF7A4-36C4-4A29-914A-70064FE038A4}.Release|iPhoneSimulator.ActiveCfg = Release|Any CPU
		{480DF7A4-36C4-4A29-914A-70064FE038A4}.Release|iPhoneSimulator.Build.0 = Release|Any CPU
		{480DF7A4-36C4-4A29-914A-70064FE038A4}.Release|x64.ActiveCfg = Release|Any CPU
		{480DF7A4-36C4-4A29-914A-70064FE038A4}.Release|x64.Build.0 = Release|Any CPU
		{480DF7A4-36C4-4A29-914A-70064FE038A4}.Release|x86.ActiveCfg = Release|Any CPU
		{480DF7A4-36C4-4A29-914A-70064FE038A4}.Release|x86.Build.0 = Release|Any CPU
		{A4E4B53D-5D05-4FC6-95D2-B09BE8A11D87}.Debug|Any CPU.ActiveCfg = Debug|Any CPU
		{A4E4B53D-5D05-4FC6-95D2-B09BE8A11D87}.Debug|Any CPU.Build.0 = Debug|Any CPU
		{A4E4B53D-5D05-4FC6-95D2-B09BE8A11D87}.Debug|ARM.ActiveCfg = Debug|Any CPU
		{A4E4B53D-5D05-4FC6-95D2-B09BE8A11D87}.Debug|ARM.Build.0 = Debug|Any CPU
		{A4E4B53D-5D05-4FC6-95D2-B09BE8A11D87}.Debug|iPhone.ActiveCfg = Debug|Any CPU
		{A4E4B53D-5D05-4FC6-95D2-B09BE8A11D87}.Debug|iPhone.Build.0 = Debug|Any CPU
		{A4E4B53D-5D05-4FC6-95D2-B09BE8A11D87}.Debug|iPhoneSimulator.ActiveCfg = Debug|Any CPU
		{A4E4B53D-5D05-4FC6-95D2-B09BE8A11D87}.Debug|iPhoneSimulator.Build.0 = Debug|Any CPU
		{A4E4B53D-5D05-4FC6-95D2-B09BE8A11D87}.Debug|x64.ActiveCfg = Debug|Any CPU
		{A4E4B53D-5D05-4FC6-95D2-B09BE8A11D87}.Debug|x64.Build.0 = Debug|Any CPU
		{A4E4B53D-5D05-4FC6-95D2-B09BE8A11D87}.Debug|x86.ActiveCfg = Debug|Any CPU
		{A4E4B53D-5D05-4FC6-95D2-B09BE8A11D87}.Debug|x86.Build.0 = Debug|Any CPU
		{A4E4B53D-5D05-4FC6-95D2-B09BE8A11D87}.Release|Any CPU.ActiveCfg = Release|Any CPU
		{A4E4B53D-5D05-4FC6-95D2-B09BE8A11D87}.Release|Any CPU.Build.0 = Release|Any CPU
		{A4E4B53D-5D05-4FC6-95D2-B09BE8A11D87}.Release|ARM.ActiveCfg = Release|Any CPU
		{A4E4B53D-5D05-4FC6-95D2-B09BE8A11D87}.Release|ARM.Build.0 = Release|Any CPU
		{A4E4B53D-5D05-4FC6-95D2-B09BE8A11D87}.Release|iPhone.ActiveCfg = Release|Any CPU
		{A4E4B53D-5D05-4FC6-95D2-B09BE8A11D87}.Release|iPhone.Build.0 = Release|Any CPU
		{A4E4B53D-5D05-4FC6-95D2-B09BE8A11D87}.Release|iPhoneSimulator.ActiveCfg = Release|Any CPU
		{A4E4B53D-5D05-4FC6-95D2-B09BE8A11D87}.Release|iPhoneSimulator.Build.0 = Release|Any CPU
		{A4E4B53D-5D05-4FC6-95D2-B09BE8A11D87}.Release|x64.ActiveCfg = Release|Any CPU
		{A4E4B53D-5D05-4FC6-95D2-B09BE8A11D87}.Release|x64.Build.0 = Release|Any CPU
		{A4E4B53D-5D05-4FC6-95D2-B09BE8A11D87}.Release|x86.ActiveCfg = Release|Any CPU
		{A4E4B53D-5D05-4FC6-95D2-B09BE8A11D87}.Release|x86.Build.0 = Release|Any CPU
		{6001EB0B-C680-43DC-9F2A-7D55C154A7D7}.Debug|Any CPU.ActiveCfg = Debug|Any CPU
		{6001EB0B-C680-43DC-9F2A-7D55C154A7D7}.Debug|Any CPU.Build.0 = Debug|Any CPU
		{6001EB0B-C680-43DC-9F2A-7D55C154A7D7}.Debug|ARM.ActiveCfg = Debug|Any CPU
		{6001EB0B-C680-43DC-9F2A-7D55C154A7D7}.Debug|ARM.Build.0 = Debug|Any CPU
		{6001EB0B-C680-43DC-9F2A-7D55C154A7D7}.Debug|iPhone.ActiveCfg = Debug|Any CPU
		{6001EB0B-C680-43DC-9F2A-7D55C154A7D7}.Debug|iPhone.Build.0 = Debug|Any CPU
		{6001EB0B-C680-43DC-9F2A-7D55C154A7D7}.Debug|iPhoneSimulator.ActiveCfg = Debug|Any CPU
		{6001EB0B-C680-43DC-9F2A-7D55C154A7D7}.Debug|iPhoneSimulator.Build.0 = Debug|Any CPU
		{6001EB0B-C680-43DC-9F2A-7D55C154A7D7}.Debug|x64.ActiveCfg = Debug|Any CPU
		{6001EB0B-C680-43DC-9F2A-7D55C154A7D7}.Debug|x64.Build.0 = Debug|Any CPU
		{6001EB0B-C680-43DC-9F2A-7D55C154A7D7}.Debug|x86.ActiveCfg = Debug|Any CPU
		{6001EB0B-C680-43DC-9F2A-7D55C154A7D7}.Debug|x86.Build.0 = Debug|Any CPU
		{6001EB0B-C680-43DC-9F2A-7D55C154A7D7}.Release|Any CPU.ActiveCfg = Release|Any CPU
		{6001EB0B-C680-43DC-9F2A-7D55C154A7D7}.Release|Any CPU.Build.0 = Release|Any CPU
		{6001EB0B-C680-43DC-9F2A-7D55C154A7D7}.Release|ARM.ActiveCfg = Release|Any CPU
		{6001EB0B-C680-43DC-9F2A-7D55C154A7D7}.Release|ARM.Build.0 = Release|Any CPU
		{6001EB0B-C680-43DC-9F2A-7D55C154A7D7}.Release|iPhone.ActiveCfg = Release|Any CPU
		{6001EB0B-C680-43DC-9F2A-7D55C154A7D7}.Release|iPhone.Build.0 = Release|Any CPU
		{6001EB0B-C680-43DC-9F2A-7D55C154A7D7}.Release|iPhoneSimulator.ActiveCfg = Release|Any CPU
		{6001EB0B-C680-43DC-9F2A-7D55C154A7D7}.Release|iPhoneSimulator.Build.0 = Release|Any CPU
		{6001EB0B-C680-43DC-9F2A-7D55C154A7D7}.Release|x64.ActiveCfg = Release|Any CPU
		{6001EB0B-C680-43DC-9F2A-7D55C154A7D7}.Release|x64.Build.0 = Release|Any CPU
		{6001EB0B-C680-43DC-9F2A-7D55C154A7D7}.Release|x86.ActiveCfg = Release|Any CPU
		{6001EB0B-C680-43DC-9F2A-7D55C154A7D7}.Release|x86.Build.0 = Release|Any CPU
	EndGlobalSection
	GlobalSection(SolutionProperties) = preSolution
		HideSolutionNode = FALSE
	EndGlobalSection
	GlobalSection(NestedProjects) = preSolution
		{B8D838CE-4E2D-4232-8816-EBCA9DFBE5EC} = {B4DD7987-CB9D-48DF-AF2B-8F1B0DC689FB}
		{1D3598A4-73D4-447C-9C7A-BA9AF9047BE7} = {B8D838CE-4E2D-4232-8816-EBCA9DFBE5EC}
		{835C68DC-98D5-40AD-9A85-022208D42F45} = {B8D838CE-4E2D-4232-8816-EBCA9DFBE5EC}
		{4DC98992-C493-482D-895C-A1A35DDBE86E} = {B8D838CE-4E2D-4232-8816-EBCA9DFBE5EC}
		{FC87B9F6-FD4C-4C43-97C0-4A62B413ABDD} = {B8D838CE-4E2D-4232-8816-EBCA9DFBE5EC}
		{102262AC-4838-4DA5-AA4C-FBA98A8B127A} = {B4DD7987-CB9D-48DF-AF2B-8F1B0DC689FB}
		{6C994B9B-6959-476C-821C-D59394AA9FBD} = {102262AC-4838-4DA5-AA4C-FBA98A8B127A}
		{3B14AD93-DD12-4277-A4ED-7EA3A7AD67F9} = {6C994B9B-6959-476C-821C-D59394AA9FBD}
		{EB9D5C9F-F609-4D99-B3E7-8FE3B2A24DD8} = {6C994B9B-6959-476C-821C-D59394AA9FBD}
		{3EDC8D6D-6C51-44F1-BC24-91FB5C829ABC} = {102262AC-4838-4DA5-AA4C-FBA98A8B127A}
		{4A3DF548-CC9B-4E81-AE8D-C63D6155F40E} = {3EDC8D6D-6C51-44F1-BC24-91FB5C829ABC}
		{D33D91D7-2A6E-42EC-8C64-174A677BFFFE} = {4A3DF548-CC9B-4E81-AE8D-C63D6155F40E}
		{5042099B-C940-4034-89E2-1A620433A551} = {D33D91D7-2A6E-42EC-8C64-174A677BFFFE}
		{3CB21162-9BE5-4AD4-802C-7D43A33D0539} = {D33D91D7-2A6E-42EC-8C64-174A677BFFFE}
		{80F056FE-5E99-4B5E-AFFC-79499EE53ADC} = {D33D91D7-2A6E-42EC-8C64-174A677BFFFE}
		{79F1F8CA-72CA-4F4D-8F31-61ABEAE9AE44} = {4A3DF548-CC9B-4E81-AE8D-C63D6155F40E}
		{1E0609CA-1A64-4920-837B-521F3265E30F} = {79F1F8CA-72CA-4F4D-8F31-61ABEAE9AE44}
		{EA11A29E-A48C-455E-A0B9-405725C9BE1D} = {102262AC-4838-4DA5-AA4C-FBA98A8B127A}
		{A2C44144-A1E4-4CE7-858B-44639D0235A3} = {EA11A29E-A48C-455E-A0B9-405725C9BE1D}
		{2EDD4541-154F-4901-8D7B-8EAEB0D56412} = {102262AC-4838-4DA5-AA4C-FBA98A8B127A}
		{68F0D6AA-7240-4BFD-AE17-E243343200FD} = {2EDD4541-154F-4901-8D7B-8EAEB0D56412}
		{FDCFE778-F70E-423A-94D3-8CCB3B09D1AD} = {2EDD4541-154F-4901-8D7B-8EAEB0D56412}
		{E6B71B50-D079-4745-9B38-7F314E0EFC59} = {B4DD7987-CB9D-48DF-AF2B-8F1B0DC689FB}
		{4A203AB4-22CB-4418-9BC0-A1FB0707681F} = {E6B71B50-D079-4745-9B38-7F314E0EFC59}
		{81C9F38A-1E50-4078-A006-844083334205} = {102262AC-4838-4DA5-AA4C-FBA98A8B127A}
		{2BD68483-C789-4F1E-A4D5-37E3052F80A4} = {81C9F38A-1E50-4078-A006-844083334205}
		{3EE568FF-DE35-47F6-A2FB-5E0264A301D9} = {2BD68483-C789-4F1E-A4D5-37E3052F80A4}
		{3369C64C-E12D-4F34-A5CF-C6A488CAAD5B} = {2BD68483-C789-4F1E-A4D5-37E3052F80A4}
		{E3F076A8-EDC7-4EC2-A841-6D3A28932725} = {3EDC8D6D-6C51-44F1-BC24-91FB5C829ABC}
		{10704979-4770-48B7-A260-EC6C5E6194CB} = {E3F076A8-EDC7-4EC2-A841-6D3A28932725}
		{1D6E8E3D-4B5C-4A8E-809A-8B33AF7DBB0C} = {E3F076A8-EDC7-4EC2-A841-6D3A28932725}
		{862A30A0-0AEF-4E9A-AB2E-BA3FB95D5ACF} = {E3F076A8-EDC7-4EC2-A841-6D3A28932725}
		{3564208D-58FC-4133-A40D-E57960C28652} = {102262AC-4838-4DA5-AA4C-FBA98A8B127A}
		{6A506E04-8B52-4484-B646-1090DD223A28} = {3564208D-58FC-4133-A40D-E57960C28652}
		{C5AC45D1-FE52-4948-B4F4-29D80A66C5B1} = {79F1F8CA-72CA-4F4D-8F31-61ABEAE9AE44}
		{1CCD8CD0-F7F8-4488-8DA1-102E0CEB9AF0} = {79F1F8CA-72CA-4F4D-8F31-61ABEAE9AE44}
		{91CB5694-9603-44E4-A7B2-3522E075B4CA} = {B4DD7987-CB9D-48DF-AF2B-8F1B0DC689FB}
		{D2E85958-ACFB-44F4-96FA-D2802B105CE7} = {91CB5694-9603-44E4-A7B2-3522E075B4CA}
		{C91AAB63-211A-4E47-862A-037BE879174F} = {81C9F38A-1E50-4078-A006-844083334205}
		{07AF155A-9B4F-4427-AAE0-A6963F0482C7} = {C91AAB63-211A-4E47-862A-037BE879174F}
		{480DF7A4-36C4-4A29-914A-70064FE038A4} = {2EDD4541-154F-4901-8D7B-8EAEB0D56412}
		{A4E4B53D-5D05-4FC6-95D2-B09BE8A11D87} = {2EDD4541-154F-4901-8D7B-8EAEB0D56412}
		{84863939-1400-4AF7-871C-C885AB3CCC8F} = {81C9F38A-1E50-4078-A006-844083334205}
		{6001EB0B-C680-43DC-9F2A-7D55C154A7D7} = {84863939-1400-4AF7-871C-C885AB3CCC8F}
	EndGlobalSection
	GlobalSection(ExtensibilityGlobals) = postSolution
		SolutionGuid = {B54E048C-50F2-4F11-9EB0-7463ABD29D83}
	EndGlobalSection
EndGlobal
